// !$*UTF8*$!
{
	archiveVersion = 1;
	classes = {
	};
	objectVersion = 56;
	objects = {

/* Begin PBXBuildFile section */
		928550AC2B55604B0024A2A5 /* Validation.swift in Sources */ = {isa = PBXBuildFile; fileRef = 928550AB2B55604B0024A2A5 /* Validation.swift */; };
		928550B02B5561CC0024A2A5 /* LoginViewModel.swift in Sources */ = {isa = PBXBuildFile; fileRef = 928550AF2B5561CC0024A2A5 /* LoginViewModel.swift */; };
		928550B52B556C530024A2A5 /* RegisterView.swift in Sources */ = {isa = PBXBuildFile; fileRef = 928550B42B556C530024A2A5 /* RegisterView.swift */; };
		928550D02B556DA70024A2A5 /* ProductListView.swift in Sources */ = {isa = PBXBuildFile; fileRef = 928550CF2B556DA70024A2A5 /* ProductListView.swift */; };
		928550D22B556DB70024A2A5 /* ProductDetailsView.swift in Sources */ = {isa = PBXBuildFile; fileRef = 928550D12B556DB70024A2A5 /* ProductDetailsView.swift */; };
		928550D42B556DC60024A2A5 /* MyCartView.swift in Sources */ = {isa = PBXBuildFile; fileRef = 928550D32B556DC60024A2A5 /* MyCartView.swift */; };
		928550D62B556DD50024A2A5 /* AddAddressView.swift in Sources */ = {isa = PBXBuildFile; fileRef = 928550D52B556DD50024A2A5 /* AddAddressView.swift */; };
		928550D82B556DE10024A2A5 /* MyOrdersView.swift in Sources */ = {isa = PBXBuildFile; fileRef = 928550D72B556DE10024A2A5 /* MyOrdersView.swift */; };
		928550DA2B556DF20024A2A5 /* OrderIdView.swift in Sources */ = {isa = PBXBuildFile; fileRef = 928550D92B556DF20024A2A5 /* OrderIdView.swift */; };
		928550DC2B556E070024A2A5 /* StoreLocatorView.swift in Sources */ = {isa = PBXBuildFile; fileRef = 928550DB2B556E070024A2A5 /* StoreLocatorView.swift */; };
		928550DE2B556E180024A2A5 /* MyAccountView.swift in Sources */ = {isa = PBXBuildFile; fileRef = 928550DD2B556E180024A2A5 /* MyAccountView.swift */; };
		928F1C5A2B4FBBE6007AD919 /* Neostore_SwiftUIApp.swift in Sources */ = {isa = PBXBuildFile; fileRef = 928F1C592B4FBBE6007AD919 /* Neostore_SwiftUIApp.swift */; };
		928F1C5E2B4FBBEB007AD919 /* Assets.xcassets in Resources */ = {isa = PBXBuildFile; fileRef = 928F1C5D2B4FBBEB007AD919 /* Assets.xcassets */; };
		928F1C612B4FBBEB007AD919 /* Preview Assets.xcassets in Resources */ = {isa = PBXBuildFile; fileRef = 928F1C602B4FBBEB007AD919 /* Preview Assets.xcassets */; };
		928F1C6F2B4FC135007AD919 /* Gotham-Font in Resources */ = {isa = PBXBuildFile; fileRef = 928F1C6E2B4FC135007AD919 /* Gotham-Font */; };
		F237730F2B51330C000C4AFA /* LoginView.swift in Sources */ = {isa = PBXBuildFile; fileRef = F237730E2B51330C000C4AFA /* LoginView.swift */; };
		F260DDB72B51517700101095 /* CustomTextField.swift in Sources */ = {isa = PBXBuildFile; fileRef = F260DDB62B51517700101095 /* CustomTextField.swift */; };
		F260DDB92B51611700101095 /* APIService.swift in Sources */ = {isa = PBXBuildFile; fileRef = F260DDB82B51611700101095 /* APIService.swift */; };
		F260DDBB2B51613600101095 /* APIManager.swift in Sources */ = {isa = PBXBuildFile; fileRef = F260DDBA2B51613600101095 /* APIManager.swift */; };
		F266CE312B5162DF007EB401 /* Extensions.swift in Sources */ = {isa = PBXBuildFile; fileRef = F266CE302B5162DF007EB401 /* Extensions.swift */; };
		F266CE342B516617007EB401 /* HomeView.swift in Sources */ = {isa = PBXBuildFile; fileRef = F266CE332B516617007EB401 /* HomeView.swift */; };
/* End PBXBuildFile section */

/* Begin PBXFileReference section */
		928550AB2B55604B0024A2A5 /* Validation.swift */ = {isa = PBXFileReference; lastKnownFileType = sourcecode.swift; path = Validation.swift; sourceTree = "<group>"; };
		928550AF2B5561CC0024A2A5 /* LoginViewModel.swift */ = {isa = PBXFileReference; lastKnownFileType = sourcecode.swift; path = LoginViewModel.swift; sourceTree = "<group>"; };
		928550B42B556C530024A2A5 /* RegisterView.swift */ = {isa = PBXFileReference; lastKnownFileType = sourcecode.swift; path = RegisterView.swift; sourceTree = "<group>"; };
		928550CF2B556DA70024A2A5 /* ProductListView.swift */ = {isa = PBXFileReference; lastKnownFileType = sourcecode.swift; path = ProductListView.swift; sourceTree = "<group>"; };
		928550D12B556DB70024A2A5 /* ProductDetailsView.swift */ = {isa = PBXFileReference; lastKnownFileType = sourcecode.swift; path = ProductDetailsView.swift; sourceTree = "<group>"; };
		928550D32B556DC60024A2A5 /* MyCartView.swift */ = {isa = PBXFileReference; lastKnownFileType = sourcecode.swift; path = MyCartView.swift; sourceTree = "<group>"; };
		928550D52B556DD50024A2A5 /* AddAddressView.swift */ = {isa = PBXFileReference; lastKnownFileType = sourcecode.swift; path = AddAddressView.swift; sourceTree = "<group>"; };
		928550D72B556DE10024A2A5 /* MyOrdersView.swift */ = {isa = PBXFileReference; lastKnownFileType = sourcecode.swift; path = MyOrdersView.swift; sourceTree = "<group>"; };
		928550D92B556DF20024A2A5 /* OrderIdView.swift */ = {isa = PBXFileReference; lastKnownFileType = sourcecode.swift; path = OrderIdView.swift; sourceTree = "<group>"; };
		928550DB2B556E070024A2A5 /* StoreLocatorView.swift */ = {isa = PBXFileReference; lastKnownFileType = sourcecode.swift; path = StoreLocatorView.swift; sourceTree = "<group>"; };
		928550DD2B556E180024A2A5 /* MyAccountView.swift */ = {isa = PBXFileReference; lastKnownFileType = sourcecode.swift; path = MyAccountView.swift; sourceTree = "<group>"; };
		928F1C562B4FBBE6007AD919 /* Neostore_SwiftUI.app */ = {isa = PBXFileReference; explicitFileType = wrapper.application; includeInIndex = 0; path = Neostore_SwiftUI.app; sourceTree = BUILT_PRODUCTS_DIR; };
		928F1C592B4FBBE6007AD919 /* Neostore_SwiftUIApp.swift */ = {isa = PBXFileReference; lastKnownFileType = sourcecode.swift; path = Neostore_SwiftUIApp.swift; sourceTree = "<group>"; };
		928F1C5D2B4FBBEB007AD919 /* Assets.xcassets */ = {isa = PBXFileReference; lastKnownFileType = folder.assetcatalog; path = Assets.xcassets; sourceTree = "<group>"; };
		928F1C602B4FBBEB007AD919 /* Preview Assets.xcassets */ = {isa = PBXFileReference; lastKnownFileType = folder.assetcatalog; path = "Preview Assets.xcassets"; sourceTree = "<group>"; };
		928F1C6E2B4FC135007AD919 /* Gotham-Font */ = {isa = PBXFileReference; lastKnownFileType = folder; path = "Gotham-Font"; sourceTree = "<group>"; };
		928F1C702B4FC1B2007AD919 /* Neostore-SwiftUI-Info.plist */ = {isa = PBXFileReference; lastKnownFileType = text.plist; path = "Neostore-SwiftUI-Info.plist"; sourceTree = SOURCE_ROOT; };
		F237730E2B51330C000C4AFA /* LoginView.swift */ = {isa = PBXFileReference; lastKnownFileType = sourcecode.swift; path = LoginView.swift; sourceTree = "<group>"; };
		F260DDB62B51517700101095 /* CustomTextField.swift */ = {isa = PBXFileReference; lastKnownFileType = sourcecode.swift; path = CustomTextField.swift; sourceTree = "<group>"; };
		F260DDB82B51611700101095 /* APIService.swift */ = {isa = PBXFileReference; lastKnownFileType = sourcecode.swift; path = APIService.swift; sourceTree = "<group>"; };
		F260DDBA2B51613600101095 /* APIManager.swift */ = {isa = PBXFileReference; lastKnownFileType = sourcecode.swift; path = APIManager.swift; sourceTree = "<group>"; };
		F266CE302B5162DF007EB401 /* Extensions.swift */ = {isa = PBXFileReference; lastKnownFileType = sourcecode.swift; path = Extensions.swift; sourceTree = "<group>"; };
		F266CE332B516617007EB401 /* HomeView.swift */ = {isa = PBXFileReference; lastKnownFileType = sourcecode.swift; path = HomeView.swift; sourceTree = "<group>"; };
/* End PBXFileReference section */

/* Begin PBXFrameworksBuildPhase section */
		928F1C532B4FBBE6007AD919 /* Frameworks */ = {
			isa = PBXFrameworksBuildPhase;
			buildActionMask = 2147483647;
			files = (
			);
			runOnlyForDeploymentPostprocessing = 0;
		};
/* End PBXFrameworksBuildPhase section */

/* Begin PBXGroup section */
		928550AD2B5561700024A2A5 /* View */ = {
			isa = PBXGroup;
			children = (
				F237730E2B51330C000C4AFA /* LoginView.swift */,
				F260DDB62B51517700101095 /* CustomTextField.swift */,
			);
			path = View;
			sourceTree = "<group>";
		};
		928550AE2B5561770024A2A5 /* ViewModel */ = {
			isa = PBXGroup;
			children = (
				928550AF2B5561CC0024A2A5 /* LoginViewModel.swift */,
			);
			path = ViewModel;
			sourceTree = "<group>";
		};
		928550B12B556BE90024A2A5 /* Register */ = {
			isa = PBXGroup;
			children = (
				928550B32B556C000024A2A5 /* ViewModel */,
				928550B22B556BFB0024A2A5 /* View */,
			);
			path = Register;
			sourceTree = "<group>";
		};
		928550B22B556BFB0024A2A5 /* View */ = {
			isa = PBXGroup;
			children = (
				928550B42B556C530024A2A5 /* RegisterView.swift */,
			);
			path = View;
			sourceTree = "<group>";
		};
		928550B32B556C000024A2A5 /* ViewModel */ = {
			isa = PBXGroup;
			children = (
			);
			path = ViewModel;
			sourceTree = "<group>";
		};
		928550B62B556C780024A2A5 /* Product List */ = {
			isa = PBXGroup;
			children = (
				928550BF2B556D180024A2A5 /* View Model */,
				928550BE2B556D130024A2A5 /* View */,
			);
			path = "Product List";
			sourceTree = "<group>";
		};
		928550B72B556C810024A2A5 /* Product Details */ = {
			isa = PBXGroup;
			children = (
				928550C12B556D350024A2A5 /* View Model */,
				928550C02B556D2F0024A2A5 /* View */,
			);
			path = "Product Details";
			sourceTree = "<group>";
		};
		928550B82B556C8E0024A2A5 /* My Cart */ = {
			isa = PBXGroup;
			children = (
				928550C32B556D450024A2A5 /* View */,
				928550C22B556D3D0024A2A5 /* View Model */,
			);
			path = "My Cart";
			sourceTree = "<group>";
		};
		928550B92B556CAF0024A2A5 /* Add Address */ = {
			isa = PBXGroup;
			children = (
				928550C52B556D590024A2A5 /* View */,
				928550C42B556D4A0024A2A5 /* View Model */,
			);
			path = "Add Address";
			sourceTree = "<group>";
		};
		928550BA2B556CCA0024A2A5 /* My Orders */ = {
			isa = PBXGroup;
			children = (
				928550C72B556D650024A2A5 /* View Model */,
				928550C62B556D5F0024A2A5 /* View */,
			);
			path = "My Orders";
			sourceTree = "<group>";
		};
		928550BB2B556CE20024A2A5 /* Order Id */ = {
			isa = PBXGroup;
			children = (
				928550CA2B556D790024A2A5 /* View Model */,
				928550C82B556D6D0024A2A5 /* View  */,
			);
			path = "Order Id";
			sourceTree = "<group>";
		};
		928550BC2B556CEA0024A2A5 /* Store Locator */ = {
			isa = PBXGroup;
			children = (
				928550CC2B556D870024A2A5 /* View Model */,
				928550CB2B556D810024A2A5 /* View */,
			);
			path = "Store Locator";
			sourceTree = "<group>";
		};
		928550BD2B556D070024A2A5 /* My Account */ = {
			isa = PBXGroup;
			children = (
				928550CE2B556D940024A2A5 /* View Model */,
				928550CD2B556D8F0024A2A5 /* View  */,
			);
			path = "My Account";
			sourceTree = "<group>";
		};
		928550BE2B556D130024A2A5 /* View */ = {
			isa = PBXGroup;
			children = (
				928550CF2B556DA70024A2A5 /* ProductListView.swift */,
			);
			path = View;
			sourceTree = "<group>";
		};
		928550BF2B556D180024A2A5 /* View Model */ = {
			isa = PBXGroup;
			children = (
			);
			path = "View Model";
			sourceTree = "<group>";
		};
		928550C02B556D2F0024A2A5 /* View */ = {
			isa = PBXGroup;
			children = (
				928550D12B556DB70024A2A5 /* ProductDetailsView.swift */,
			);
			path = View;
			sourceTree = "<group>";
		};
		928550C12B556D350024A2A5 /* View Model */ = {
			isa = PBXGroup;
			children = (
			);
			path = "View Model";
			sourceTree = "<group>";
		};
		928550C22B556D3D0024A2A5 /* View Model */ = {
			isa = PBXGroup;
			children = (
			);
			path = "View Model";
			sourceTree = "<group>";
		};
		928550C32B556D450024A2A5 /* View */ = {
			isa = PBXGroup;
			children = (
				928550D32B556DC60024A2A5 /* MyCartView.swift */,
			);
			path = View;
			sourceTree = "<group>";
		};
		928550C42B556D4A0024A2A5 /* View Model */ = {
			isa = PBXGroup;
			children = (
			);
			path = "View Model";
			sourceTree = "<group>";
		};
		928550C52B556D590024A2A5 /* View */ = {
			isa = PBXGroup;
			children = (
				928550D52B556DD50024A2A5 /* AddAddressView.swift */,
			);
			path = View;
			sourceTree = "<group>";
		};
		928550C62B556D5F0024A2A5 /* View */ = {
			isa = PBXGroup;
			children = (
				928550D72B556DE10024A2A5 /* MyOrdersView.swift */,
			);
			path = View;
			sourceTree = "<group>";
		};
		928550C72B556D650024A2A5 /* View Model */ = {
			isa = PBXGroup;
			children = (
			);
			path = "View Model";
			sourceTree = "<group>";
		};
		928550C82B556D6D0024A2A5 /* View  */ = {
			isa = PBXGroup;
			children = (
				928550D92B556DF20024A2A5 /* OrderIdView.swift */,
			);
			path = "View ";
			sourceTree = "<group>";
		};
		928550CA2B556D790024A2A5 /* View Model */ = {
			isa = PBXGroup;
			children = (
			);
			path = "View Model";
			sourceTree = "<group>";
		};
		928550CB2B556D810024A2A5 /* View */ = {
			isa = PBXGroup;
			children = (
				928550DB2B556E070024A2A5 /* StoreLocatorView.swift */,
			);
			path = View;
			sourceTree = "<group>";
		};
		928550CC2B556D870024A2A5 /* View Model */ = {
			isa = PBXGroup;
			children = (
			);
			path = "View Model";
			sourceTree = "<group>";
		};
		928550CD2B556D8F0024A2A5 /* View  */ = {
			isa = PBXGroup;
			children = (
				928550DD2B556E180024A2A5 /* MyAccountView.swift */,
			);
			path = "View ";
			sourceTree = "<group>";
		};
		928550CE2B556D940024A2A5 /* View Model */ = {
			isa = PBXGroup;
			children = (
			);
			path = "View Model";
			sourceTree = "<group>";
		};
		928F1C4D2B4FBBE6007AD919 = {
			isa = PBXGroup;
			children = (
				928F1C582B4FBBE6007AD919 /* Neostore_SwiftUI */,
				928F1C572B4FBBE6007AD919 /* Products */,
			);
			sourceTree = "<group>";
		};
		928F1C572B4FBBE6007AD919 /* Products */ = {
			isa = PBXGroup;
			children = (
				928F1C562B4FBBE6007AD919 /* Neostore_SwiftUI.app */,
			);
			name = Products;
			sourceTree = "<group>";
		};
		928F1C582B4FBBE6007AD919 /* Neostore_SwiftUI */ = {
			isa = PBXGroup;
			children = (
				928F1C702B4FC1B2007AD919 /* Neostore-SwiftUI-Info.plist */,
				928F1C672B4FBBF2007AD919 /* Application */,
				928F1C6B2B4FBD64007AD919 /* Pages */,
				F268414A2B51348E001AD02B /* APIService */,
				F266CE2F2B5162D0007EB401 /* Utility */,
				928F1C6A2B4FBD1F007AD919 /* Resources */,
				928F1C5F2B4FBBEB007AD919 /* Preview Content */,
			);
			path = Neostore_SwiftUI;
			sourceTree = "<group>";
		};
		928F1C5F2B4FBBEB007AD919 /* Preview Content */ = {
			isa = PBXGroup;
			children = (
				928F1C602B4FBBEB007AD919 /* Preview Assets.xcassets */,
			);
			path = "Preview Content";
			sourceTree = "<group>";
		};
		928F1C672B4FBBF2007AD919 /* Application */ = {
			isa = PBXGroup;
			children = (
				928F1C592B4FBBE6007AD919 /* Neostore_SwiftUIApp.swift */,
			);
			path = Application;
			sourceTree = "<group>";
		};
		928F1C682B4FBBFD007AD919 /* Login */ = {
			isa = PBXGroup;
			children = (
				928550AE2B5561770024A2A5 /* ViewModel */,
				928550AD2B5561700024A2A5 /* View */,
			);
			path = Login;
			sourceTree = "<group>";
		};
		928F1C6A2B4FBD1F007AD919 /* Resources */ = {
			isa = PBXGroup;
			children = (
				928F1C6E2B4FC135007AD919 /* Gotham-Font */,
				928F1C5D2B4FBBEB007AD919 /* Assets.xcassets */,
			);
			path = Resources;
			sourceTree = "<group>";
		};
		928F1C6B2B4FBD64007AD919 /* Pages */ = {
			isa = PBXGroup;
			children = (
				928550BD2B556D070024A2A5 /* My Account */,
				928550BC2B556CEA0024A2A5 /* Store Locator */,
				928550BB2B556CE20024A2A5 /* Order Id */,
				928550BA2B556CCA0024A2A5 /* My Orders */,
				928550B92B556CAF0024A2A5 /* Add Address */,
				928550B82B556C8E0024A2A5 /* My Cart */,
				928550B72B556C810024A2A5 /* Product Details */,
				928550B62B556C780024A2A5 /* Product List */,
				928550B12B556BE90024A2A5 /* Register */,
				928F1C682B4FBBFD007AD919 /* Login */,
				F266CE322B5165FB007EB401 /* Home */,
			);
			path = Pages;
			sourceTree = "<group>";
		};
		F266CE2F2B5162D0007EB401 /* Utility */ = {
			isa = PBXGroup;
			children = (
				F266CE302B5162DF007EB401 /* Extensions.swift */,
				928550AB2B55604B0024A2A5 /* Validation.swift */,
			);
			path = Utility;
			sourceTree = "<group>";
		};
		F266CE322B5165FB007EB401 /* Home */ = {
			isa = PBXGroup;
			children = (
				F266CE332B516617007EB401 /* HomeView.swift */,
			);
			path = Home;
			sourceTree = "<group>";
		};
		F268414A2B51348E001AD02B /* APIService */ = {
			isa = PBXGroup;
			children = (
				F260DDB82B51611700101095 /* APIService.swift */,
				F260DDBA2B51613600101095 /* APIManager.swift */,
			);
			path = APIService;
			sourceTree = "<group>";
		};
/* End PBXGroup section */

/* Begin PBXNativeTarget section */
		928F1C552B4FBBE6007AD919 /* Neostore_SwiftUI */ = {
			isa = PBXNativeTarget;
			buildConfigurationList = 928F1C642B4FBBEB007AD919 /* Build configuration list for PBXNativeTarget "Neostore_SwiftUI" */;
			buildPhases = (
				928F1C522B4FBBE6007AD919 /* Sources */,
				928F1C532B4FBBE6007AD919 /* Frameworks */,
				928F1C542B4FBBE6007AD919 /* Resources */,
			);
			buildRules = (
			);
			dependencies = (
			);
			name = Neostore_SwiftUI;
			productName = Neostore_SwiftUI;
			productReference = 928F1C562B4FBBE6007AD919 /* Neostore_SwiftUI.app */;
			productType = "com.apple.product-type.application";
		};
/* End PBXNativeTarget section */

/* Begin PBXProject section */
		928F1C4E2B4FBBE6007AD919 /* Project object */ = {
			isa = PBXProject;
			attributes = {
				BuildIndependentTargetsInParallel = 1;
				LastSwiftUpdateCheck = 1420;
				LastUpgradeCheck = 1420;
				TargetAttributes = {
					928F1C552B4FBBE6007AD919 = {
						CreatedOnToolsVersion = 14.2;
					};
				};
			};
			buildConfigurationList = 928F1C512B4FBBE6007AD919 /* Build configuration list for PBXProject "Neostore_SwiftUI" */;
			compatibilityVersion = "Xcode 14.0";
			developmentRegion = en;
			hasScannedForEncodings = 0;
			knownRegions = (
				en,
				Base,
			);
			mainGroup = 928F1C4D2B4FBBE6007AD919;
			productRefGroup = 928F1C572B4FBBE6007AD919 /* Products */;
			projectDirPath = "";
			projectRoot = "";
			targets = (
				928F1C552B4FBBE6007AD919 /* Neostore_SwiftUI */,
			);
		};
/* End PBXProject section */

/* Begin PBXResourcesBuildPhase section */
		928F1C542B4FBBE6007AD919 /* Resources */ = {
			isa = PBXResourcesBuildPhase;
			buildActionMask = 2147483647;
			files = (
				928F1C612B4FBBEB007AD919 /* Preview Assets.xcassets in Resources */,
				928F1C5E2B4FBBEB007AD919 /* Assets.xcassets in Resources */,
				928F1C6F2B4FC135007AD919 /* Gotham-Font in Resources */,
			);
			runOnlyForDeploymentPostprocessing = 0;
		};
/* End PBXResourcesBuildPhase section */

/* Begin PBXSourcesBuildPhase section */
		928F1C522B4FBBE6007AD919 /* Sources */ = {
			isa = PBXSourcesBuildPhase;
			buildActionMask = 2147483647;
			files = (
				928550DA2B556DF20024A2A5 /* OrderIdView.swift in Sources */,
				928550D02B556DA70024A2A5 /* ProductListView.swift in Sources */,
				928550DC2B556E070024A2A5 /* StoreLocatorView.swift in Sources */,
				F237730F2B51330C000C4AFA /* LoginView.swift in Sources */,
				928550DE2B556E180024A2A5 /* MyAccountView.swift in Sources */,
				928550B52B556C530024A2A5 /* RegisterView.swift in Sources */,
				928550D42B556DC60024A2A5 /* MyCartView.swift in Sources */,
				F266CE342B516617007EB401 /* HomeView.swift in Sources */,
				F266CE312B5162DF007EB401 /* Extensions.swift in Sources */,
				928550D22B556DB70024A2A5 /* ProductDetailsView.swift in Sources */,
				928F1C5A2B4FBBE6007AD919 /* Neostore_SwiftUIApp.swift in Sources */,
				F260DDBB2B51613600101095 /* APIManager.swift in Sources */,
				928550D62B556DD50024A2A5 /* AddAddressView.swift in Sources */,
				F260DDB92B51611700101095 /* APIService.swift in Sources */,
				928550AC2B55604B0024A2A5 /* Validation.swift in Sources */,
				928550D82B556DE10024A2A5 /* MyOrdersView.swift in Sources */,
				F260DDB72B51517700101095 /* CustomTextField.swift in Sources */,
				928550B02B5561CC0024A2A5 /* LoginViewModel.swift in Sources */,
			);
			runOnlyForDeploymentPostprocessing = 0;
		};
/* End PBXSourcesBuildPhase section */

/* Begin XCBuildConfiguration section */
		928F1C622B4FBBEB007AD919 /* Debug */ = {
			isa = XCBuildConfiguration;
			buildSettings = {
				ALWAYS_SEARCH_USER_PATHS = NO;
				CLANG_ANALYZER_NONNULL = YES;
				CLANG_ANALYZER_NUMBER_OBJECT_CONVERSION = YES_AGGRESSIVE;
				CLANG_CXX_LANGUAGE_STANDARD = "gnu++20";
				CLANG_ENABLE_MODULES = YES;
				CLANG_ENABLE_OBJC_ARC = YES;
				CLANG_ENABLE_OBJC_WEAK = YES;
				CLANG_WARN_BLOCK_CAPTURE_AUTORELEASING = YES;
				CLANG_WARN_BOOL_CONVERSION = YES;
				CLANG_WARN_COMMA = YES;
				CLANG_WARN_CONSTANT_CONVERSION = YES;
				CLANG_WARN_DEPRECATED_OBJC_IMPLEMENTATIONS = YES;
				CLANG_WARN_DIRECT_OBJC_ISA_USAGE = YES_ERROR;
				CLANG_WARN_DOCUMENTATION_COMMENTS = YES;
				CLANG_WARN_EMPTY_BODY = YES;
				CLANG_WARN_ENUM_CONVERSION = YES;
				CLANG_WARN_INFINITE_RECURSION = YES;
				CLANG_WARN_INT_CONVERSION = YES;
				CLANG_WARN_NON_LITERAL_NULL_CONVERSION = YES;
				CLANG_WARN_OBJC_IMPLICIT_RETAIN_SELF = YES;
				CLANG_WARN_OBJC_LITERAL_CONVERSION = YES;
				CLANG_WARN_OBJC_ROOT_CLASS = YES_ERROR;
				CLANG_WARN_QUOTED_INCLUDE_IN_FRAMEWORK_HEADER = YES;
				CLANG_WARN_RANGE_LOOP_ANALYSIS = YES;
				CLANG_WARN_STRICT_PROTOTYPES = YES;
				CLANG_WARN_SUSPICIOUS_MOVE = YES;
				CLANG_WARN_UNGUARDED_AVAILABILITY = YES_AGGRESSIVE;
				CLANG_WARN_UNREACHABLE_CODE = YES;
				CLANG_WARN__DUPLICATE_METHOD_MATCH = YES;
				COPY_PHASE_STRIP = NO;
				DEBUG_INFORMATION_FORMAT = dwarf;
				ENABLE_STRICT_OBJC_MSGSEND = YES;
				ENABLE_TESTABILITY = YES;
				GCC_C_LANGUAGE_STANDARD = gnu11;
				GCC_DYNAMIC_NO_PIC = NO;
				GCC_NO_COMMON_BLOCKS = YES;
				GCC_OPTIMIZATION_LEVEL = 0;
				GCC_PREPROCESSOR_DEFINITIONS = (
					"DEBUG=1",
					"$(inherited)",
				);
				GCC_WARN_64_TO_32_BIT_CONVERSION = YES;
				GCC_WARN_ABOUT_RETURN_TYPE = YES_ERROR;
				GCC_WARN_UNDECLARED_SELECTOR = YES;
				GCC_WARN_UNINITIALIZED_AUTOS = YES_AGGRESSIVE;
				GCC_WARN_UNUSED_FUNCTION = YES;
				GCC_WARN_UNUSED_VARIABLE = YES;
				IPHONEOS_DEPLOYMENT_TARGET = 16.2;
				MTL_ENABLE_DEBUG_INFO = INCLUDE_SOURCE;
				MTL_FAST_MATH = YES;
				ONLY_ACTIVE_ARCH = YES;
				SDKROOT = iphoneos;
				SWIFT_ACTIVE_COMPILATION_CONDITIONS = DEBUG;
				SWIFT_OPTIMIZATION_LEVEL = "-Onone";
			};
			name = Debug;
		};
		928F1C632B4FBBEB007AD919 /* Release */ = {
			isa = XCBuildConfiguration;
			buildSettings = {
				ALWAYS_SEARCH_USER_PATHS = NO;
				CLANG_ANALYZER_NONNULL = YES;
				CLANG_ANALYZER_NUMBER_OBJECT_CONVERSION = YES_AGGRESSIVE;
				CLANG_CXX_LANGUAGE_STANDARD = "gnu++20";
				CLANG_ENABLE_MODULES = YES;
				CLANG_ENABLE_OBJC_ARC = YES;
				CLANG_ENABLE_OBJC_WEAK = YES;
				CLANG_WARN_BLOCK_CAPTURE_AUTORELEASING = YES;
				CLANG_WARN_BOOL_CONVERSION = YES;
				CLANG_WARN_COMMA = YES;
				CLANG_WARN_CONSTANT_CONVERSION = YES;
				CLANG_WARN_DEPRECATED_OBJC_IMPLEMENTATIONS = YES;
				CLANG_WARN_DIRECT_OBJC_ISA_USAGE = YES_ERROR;
				CLANG_WARN_DOCUMENTATION_COMMENTS = YES;
				CLANG_WARN_EMPTY_BODY = YES;
				CLANG_WARN_ENUM_CONVERSION = YES;
				CLANG_WARN_INFINITE_RECURSION = YES;
				CLANG_WARN_INT_CONVERSION = YES;
				CLANG_WARN_NON_LITERAL_NULL_CONVERSION = YES;
				CLANG_WARN_OBJC_IMPLICIT_RETAIN_SELF = YES;
				CLANG_WARN_OBJC_LITERAL_CONVERSION = YES;
				CLANG_WARN_OBJC_ROOT_CLASS = YES_ERROR;
				CLANG_WARN_QUOTED_INCLUDE_IN_FRAMEWORK_HEADER = YES;
				CLANG_WARN_RANGE_LOOP_ANALYSIS = YES;
				CLANG_WARN_STRICT_PROTOTYPES = YES;
				CLANG_WARN_SUSPICIOUS_MOVE = YES;
				CLANG_WARN_UNGUARDED_AVAILABILITY = YES_AGGRESSIVE;
				CLANG_WARN_UNREACHABLE_CODE = YES;
				CLANG_WARN__DUPLICATE_METHOD_MATCH = YES;
				COPY_PHASE_STRIP = NO;
				DEBUG_INFORMATION_FORMAT = "dwarf-with-dsym";
				ENABLE_NS_ASSERTIONS = NO;
				ENABLE_STRICT_OBJC_MSGSEND = YES;
				GCC_C_LANGUAGE_STANDARD = gnu11;
				GCC_NO_COMMON_BLOCKS = YES;
				GCC_WARN_64_TO_32_BIT_CONVERSION = YES;
				GCC_WARN_ABOUT_RETURN_TYPE = YES_ERROR;
				GCC_WARN_UNDECLARED_SELECTOR = YES;
				GCC_WARN_UNINITIALIZED_AUTOS = YES_AGGRESSIVE;
				GCC_WARN_UNUSED_FUNCTION = YES;
				GCC_WARN_UNUSED_VARIABLE = YES;
				IPHONEOS_DEPLOYMENT_TARGET = 16.2;
				MTL_ENABLE_DEBUG_INFO = NO;
				MTL_FAST_MATH = YES;
				SDKROOT = iphoneos;
				SWIFT_COMPILATION_MODE = wholemodule;
				SWIFT_OPTIMIZATION_LEVEL = "-O";
				VALIDATE_PRODUCT = YES;
			};
			name = Release;
		};
		928F1C652B4FBBEB007AD919 /* Debug */ = {
			isa = XCBuildConfiguration;
			buildSettings = {
				ASSETCATALOG_COMPILER_APPICON_NAME = AppIcon;
				ASSETCATALOG_COMPILER_GLOBAL_ACCENT_COLOR_NAME = AccentColor;
				CODE_SIGN_STYLE = Automatic;
				CURRENT_PROJECT_VERSION = 1;
				DEVELOPMENT_ASSET_PATHS = "\"Neostore_SwiftUI/Preview Content\"";
				ENABLE_PREVIEWS = YES;
				GENERATE_INFOPLIST_FILE = YES;
				INFOPLIST_FILE = "Neostore-SwiftUI-Info.plist";
				INFOPLIST_KEY_UIApplicationSceneManifest_Generation = YES;
				INFOPLIST_KEY_UIApplicationSupportsIndirectInputEvents = YES;
				INFOPLIST_KEY_UILaunchScreen_Generation = YES;
				INFOPLIST_KEY_UISupportedInterfaceOrientations_iPad = "UIInterfaceOrientationPortrait UIInterfaceOrientationPortraitUpsideDown UIInterfaceOrientationLandscapeLeft UIInterfaceOrientationLandscapeRight";
				INFOPLIST_KEY_UISupportedInterfaceOrientations_iPhone = "UIInterfaceOrientationPortrait UIInterfaceOrientationLandscapeLeft UIInterfaceOrientationLandscapeRight";
				LD_RUNPATH_SEARCH_PATHS = (
					"$(inherited)",
					"@executable_path/Frameworks",
				);
				MARKETING_VERSION = 1.0;
				PRODUCT_BUNDLE_IDENTIFIER = "Chintan.Neostore-SwiftUI";
				PRODUCT_NAME = "$(TARGET_NAME)";
				SWIFT_EMIT_LOC_STRINGS = YES;
				SWIFT_VERSION = 5.0;
				TARGETED_DEVICE_FAMILY = "1,2";
			};
			name = Debug;
		};
		928F1C662B4FBBEB007AD919 /* Release */ = {
			isa = XCBuildConfiguration;
			buildSettings = {
				ASSETCATALOG_COMPILER_APPICON_NAME = AppIcon;
				ASSETCATALOG_COMPILER_GLOBAL_ACCENT_COLOR_NAME = AccentColor;
				CODE_SIGN_STYLE = Automatic;
				CURRENT_PROJECT_VERSION = 1;
				DEVELOPMENT_ASSET_PATHS = "\"Neostore_SwiftUI/Preview Content\"";
				ENABLE_PREVIEWS = YES;
				GENERATE_INFOPLIST_FILE = YES;
				INFOPLIST_FILE = "Neostore-SwiftUI-Info.plist";
				INFOPLIST_KEY_UIApplicationSceneManifest_Generation = YES;
				INFOPLIST_KEY_UIApplicationSupportsIndirectInputEvents = YES;
				INFOPLIST_KEY_UILaunchScreen_Generation = YES;
				INFOPLIST_KEY_UISupportedInterfaceOrientations_iPad = "UIInterfaceOrientationPortrait UIInterfaceOrientationPortraitUpsideDown UIInterfaceOrientationLandscapeLeft UIInterfaceOrientationLandscapeRight";
				INFOPLIST_KEY_UISupportedInterfaceOrientations_iPhone = "UIInterfaceOrientationPortrait UIInterfaceOrientationLandscapeLeft UIInterfaceOrientationLandscapeRight";
				LD_RUNPATH_SEARCH_PATHS = (
					"$(inherited)",
					"@executable_path/Frameworks",
				);
				MARKETING_VERSION = 1.0;
				PRODUCT_BUNDLE_IDENTIFIER = "Chintan.Neostore-SwiftUI";
				PRODUCT_NAME = "$(TARGET_NAME)";
				SWIFT_EMIT_LOC_STRINGS = YES;
				SWIFT_VERSION = 5.0;
				TARGETED_DEVICE_FAMILY = "1,2";
			};
			name = Release;
		};
/* End XCBuildConfiguration section */

/* Begin XCConfigurationList section */
		928F1C512B4FBBE6007AD919 /* Build configuration list for PBXProject "Neostore_SwiftUI" */ = {
			isa = XCConfigurationList;
			buildConfigurations = (
				928F1C622B4FBBEB007AD919 /* Debug */,
				928F1C632B4FBBEB007AD919 /* Release */,
			);
			defaultConfigurationIsVisible = 0;
			defaultConfigurationName = Release;
		};
		928F1C642B4FBBEB007AD919 /* Build configuration list for PBXNativeTarget "Neostore_SwiftUI" */ = {
			isa = XCConfigurationList;
			buildConfigurations = (
				928F1C652B4FBBEB007AD919 /* Debug */,
				928F1C662B4FBBEB007AD919 /* Release */,
			);
			defaultConfigurationIsVisible = 0;
			defaultConfigurationName = Release;
		};
/* End XCConfigurationList section */
	};
	rootObject = 928F1C4E2B4FBBE6007AD919 /* Project object */;
}
