// !$*UTF8*$!
{
	archiveVersion = 1;
	classes = {
	};
	objectVersion = 56;
	objects = {

/* Begin PBXBuildFile section */
		928550AC2B55604B0024A2A5 /* Validation.swift in Sources */ = {isa = PBXBuildFile; fileRef = 928550AB2B55604B0024A2A5 /* Validation.swift */; };
		928550B02B5561CC0024A2A5 /* LoginViewModel.swift in Sources */ = {isa = PBXBuildFile; fileRef = 928550AF2B5561CC0024A2A5 /* LoginViewModel.swift */; };
		928550B52B556C530024A2A5 /* RegisterView.swift in Sources */ = {isa = PBXBuildFile; fileRef = 928550B42B556C530024A2A5 /* RegisterView.swift */; };
		928550D02B556DA70024A2A5 /* ProductListView.swift in Sources */ = {isa = PBXBuildFile; fileRef = 928550CF2B556DA70024A2A5 /* ProductListView.swift */; };
		928550D22B556DB70024A2A5 /* ProductDetailsView.swift in Sources */ = {isa = PBXBuildFile; fileRef = 928550D12B556DB70024A2A5 /* ProductDetailsView.swift */; };
		928550D42B556DC60024A2A5 /* MyCartView.swift in Sources */ = {isa = PBXBuildFile; fileRef = 928550D32B556DC60024A2A5 /* MyCartView.swift */; };
		928550D62B556DD50024A2A5 /* AddAddressView.swift in Sources */ = {isa = PBXBuildFile; fileRef = 928550D52B556DD50024A2A5 /* AddAddressView.swift */; };
		928550DC2B556E070024A2A5 /* StoreLocatorView.swift in Sources */ = {isa = PBXBuildFile; fileRef = 928550DB2B556E070024A2A5 /* StoreLocatorView.swift */; };
		928550DE2B556E180024A2A5 /* MyAccountView.swift in Sources */ = {isa = PBXBuildFile; fileRef = 928550DD2B556E180024A2A5 /* MyAccountView.swift */; };
		9287A6972B565BE9008CA296 /* Constants.swift in Sources */ = {isa = PBXBuildFile; fileRef = 9287A6962B565BE9008CA296 /* Constants.swift */; };
		928BEB2A2B6A242600CB2822 /* MyAccountViewModel.swift in Sources */ = {isa = PBXBuildFile; fileRef = 928BEB292B6A242600CB2822 /* MyAccountViewModel.swift */; };
		928BEB2C2B6A249D00CB2822 /* AddAddressViewModel.swift in Sources */ = {isa = PBXBuildFile; fileRef = 928BEB2B2B6A249D00CB2822 /* AddAddressViewModel.swift */; };
		928BEB312B6A61DC00CB2822 /* LabelTextFieldView.swift in Sources */ = {isa = PBXBuildFile; fileRef = 928BEB302B6A61DC00CB2822 /* LabelTextFieldView.swift */; };
		928D77F12B69280100D47F36 /* ForgotPasswordView.swift in Sources */ = {isa = PBXBuildFile; fileRef = 928D77F02B69280100D47F36 /* ForgotPasswordView.swift */; };
		928D77F32B69287700D47F36 /* ForgotPasswordViewModel.swift in Sources */ = {isa = PBXBuildFile; fileRef = 928D77F22B69287600D47F36 /* ForgotPasswordViewModel.swift */; };
		928D77F52B692F9B00D47F36 /* ForgotPasswordService.swift in Sources */ = {isa = PBXBuildFile; fileRef = 928D77F42B692F9B00D47F36 /* ForgotPasswordService.swift */; };
		928F1C5A2B4FBBE6007AD919 /* Neostore_SwiftUIApp.swift in Sources */ = {isa = PBXBuildFile; fileRef = 928F1C592B4FBBE6007AD919 /* Neostore_SwiftUIApp.swift */; };
		928F1C5E2B4FBBEB007AD919 /* Assets.xcassets in Resources */ = {isa = PBXBuildFile; fileRef = 928F1C5D2B4FBBEB007AD919 /* Assets.xcassets */; };
		928F1C612B4FBBEB007AD919 /* Preview Assets.xcassets in Resources */ = {isa = PBXBuildFile; fileRef = 928F1C602B4FBBEB007AD919 /* Preview Assets.xcassets */; };
		928F1C6F2B4FC135007AD919 /* Gotham-Font in Resources */ = {isa = PBXBuildFile; fileRef = 928F1C6E2B4FC135007AD919 /* Gotham-Font */; };
		929272E12B6B6A6300014D5E /* ProductListViewModel.swift in Sources */ = {isa = PBXBuildFile; fileRef = 929272E02B6B6A6300014D5E /* ProductListViewModel.swift */; };
		929272E42B6B6ABA00014D5E /* ProductListService.swift in Sources */ = {isa = PBXBuildFile; fileRef = 929272E32B6B6ABA00014D5E /* ProductListService.swift */; };
		929272E62B6BD6E700014D5E /* ProductDetailTitleView.swift in Sources */ = {isa = PBXBuildFile; fileRef = 929272E52B6BD6E700014D5E /* ProductDetailTitleView.swift */; };
		929272E82B6BD70B00014D5E /* ProductDetailDescriptionView.swift in Sources */ = {isa = PBXBuildFile; fileRef = 929272E72B6BD70B00014D5E /* ProductDetailDescriptionView.swift */; };
		92961C692B679DDB008C9DC1 /* ResetPasswordService.swift in Sources */ = {isa = PBXBuildFile; fileRef = 92961C682B679DDB008C9DC1 /* ResetPasswordService.swift */; };
		929ED64D2B6A707200EE1E29 /* ProductListCell.swift in Sources */ = {isa = PBXBuildFile; fileRef = 929ED64C2B6A707200EE1E29 /* ProductListCell.swift */; };
		92E379212B6783FF004F0FD6 /* ResetPasswordView.swift in Sources */ = {isa = PBXBuildFile; fileRef = 92E379202B6783FF004F0FD6 /* ResetPasswordView.swift */; };
		92E379232B6784B5004F0FD6 /* ResetPasswordViewModel.swift in Sources */ = {isa = PBXBuildFile; fileRef = 92E379222B6784B5004F0FD6 /* ResetPasswordViewModel.swift */; };
		F2310EAC2B59429C00631690 /* RegisterViewModel.swift in Sources */ = {isa = PBXBuildFile; fileRef = F2310EAB2B59429C00631690 /* RegisterViewModel.swift */; };
		F2310EAE2B59439F00631690 /* LoginModel.swift in Sources */ = {isa = PBXBuildFile; fileRef = F2310EAD2B59439F00631690 /* LoginModel.swift */; };
		F2310EB22B59445100631690 /* RegisterModel.swift in Sources */ = {isa = PBXBuildFile; fileRef = F2310EB12B59445100631690 /* RegisterModel.swift */; };
		F2310EB52B5947EC00631690 /* RegisterService.swift in Sources */ = {isa = PBXBuildFile; fileRef = F2310EB42B5947EC00631690 /* RegisterService.swift */; };
		F237730F2B51330C000C4AFA /* LoginView.swift in Sources */ = {isa = PBXBuildFile; fileRef = F237730E2B51330C000C4AFA /* LoginView.swift */; };
		F260DDB72B51517700101095 /* CustomTextField.swift in Sources */ = {isa = PBXBuildFile; fileRef = F260DDB62B51517700101095 /* CustomTextField.swift */; };
		F260DDB92B51611700101095 /* APIService.swift in Sources */ = {isa = PBXBuildFile; fileRef = F260DDB82B51611700101095 /* APIService.swift */; };
		F260DDBB2B51613600101095 /* APIManager.swift in Sources */ = {isa = PBXBuildFile; fileRef = F260DDBA2B51613600101095 /* APIManager.swift */; };
		F266CE312B5162DF007EB401 /* Extensions.swift in Sources */ = {isa = PBXBuildFile; fileRef = F266CE302B5162DF007EB401 /* Extensions.swift */; };
		F266CE342B516617007EB401 /* HomeView.swift in Sources */ = {isa = PBXBuildFile; fileRef = F266CE332B516617007EB401 /* HomeView.swift */; };
		F2A657082B6107030070058F /* SideBarView.swift in Sources */ = {isa = PBXBuildFile; fileRef = F2A657072B6107030070058F /* SideBarView.swift */; };
		F2A6570A2B6127C30070058F /* HomeViewModel.swift in Sources */ = {isa = PBXBuildFile; fileRef = F2A657092B6127C30070058F /* HomeViewModel.swift */; };
		F2A6570C2B6127E90070058F /* SideBarViewModel.swift in Sources */ = {isa = PBXBuildFile; fileRef = F2A6570B2B6127E90070058F /* SideBarViewModel.swift */; };
		F2A78E1F2B6B750D003101CF /* LoaderView.swift in Sources */ = {isa = PBXBuildFile; fileRef = F2A78E1E2B6B750D003101CF /* LoaderView.swift */; };
		F2B21B082B6A864300A17B4A /* MyCartViewModel.swift in Sources */ = {isa = PBXBuildFile; fileRef = F2B21B072B6A864300A17B4A /* MyCartViewModel.swift */; };
		F2B21B0B2B6A877D00A17B4A /* ListCartItemsService.swift in Sources */ = {isa = PBXBuildFile; fileRef = F2B21B0A2B6A877D00A17B4A /* ListCartItemsService.swift */; };
		F2B60DC72B68C3FD0071204C /* OrderList.swift in Sources */ = {isa = PBXBuildFile; fileRef = F2B60DC62B68C3FD0071204C /* OrderList.swift */; };
		F2B60DC92B68C41B0071204C /* OrderDetails.swift in Sources */ = {isa = PBXBuildFile; fileRef = F2B60DC82B68C41B0071204C /* OrderDetails.swift */; };
		F2B60DCC2B68C4520071204C /* UpdateAccountDetails.swift in Sources */ = {isa = PBXBuildFile; fileRef = F2B60DCB2B68C4520071204C /* UpdateAccountDetails.swift */; };
		F2B60DCE2B68C4690071204C /* ResetPassword.swift in Sources */ = {isa = PBXBuildFile; fileRef = F2B60DCD2B68C4690071204C /* ResetPassword.swift */; };
		F2B60DD02B68C5C30071204C /* OrderListView.swift in Sources */ = {isa = PBXBuildFile; fileRef = F2B60DCF2B68C5C30071204C /* OrderListView.swift */; };
		F2B60DD22B68C5D40071204C /* OrderDetailsView.swift in Sources */ = {isa = PBXBuildFile; fileRef = F2B60DD12B68C5D40071204C /* OrderDetailsView.swift */; };
		F2B60DD52B68C6100071204C /* ListCartItems.swift in Sources */ = {isa = PBXBuildFile; fileRef = F2B60DD42B68C6100071204C /* ListCartItems.swift */; };
		F2B60DD72B68C6280071204C /* EditCartItems.swift in Sources */ = {isa = PBXBuildFile; fileRef = F2B60DD62B68C6280071204C /* EditCartItems.swift */; };
		F2B60DD92B68C63E0071204C /* DeleteCartItems.swift in Sources */ = {isa = PBXBuildFile; fileRef = F2B60DD82B68C63E0071204C /* DeleteCartItems.swift */; };
		F2B60DDC2B68C66A0071204C /* ProductDetails.swift in Sources */ = {isa = PBXBuildFile; fileRef = F2B60DDB2B68C66A0071204C /* ProductDetails.swift */; };
		F2B60DDE2B68C6820071204C /* ProductRating.swift in Sources */ = {isa = PBXBuildFile; fileRef = F2B60DDD2B68C6820071204C /* ProductRating.swift */; };
		F2B60DE02B68C69B0071204C /* AddToCart.swift in Sources */ = {isa = PBXBuildFile; fileRef = F2B60DDF2B68C69B0071204C /* AddToCart.swift */; };
		F2B60DE32B68C6D80071204C /* ProductListing.swift in Sources */ = {isa = PBXBuildFile; fileRef = F2B60DE22B68C6D80071204C /* ProductListing.swift */; };
		F2B60DE52B68C7080071204C /* AccountDetails.swift in Sources */ = {isa = PBXBuildFile; fileRef = F2B60DE42B68C7080071204C /* AccountDetails.swift */; };
		F2B60DE72B68DA2F0071204C /* AccountDetailsService.swift in Sources */ = {isa = PBXBuildFile; fileRef = F2B60DE62B68DA2F0071204C /* AccountDetailsService.swift */; };
		F2B60DE92B68E1F20071204C /* ProfileView.swift in Sources */ = {isa = PBXBuildFile; fileRef = F2B60DE82B68E1F20071204C /* ProfileView.swift */; };
		F2B60DEB2B68E2150071204C /* FirstMenuItemView.swift in Sources */ = {isa = PBXBuildFile; fileRef = F2B60DEA2B68E2150071204C /* FirstMenuItemView.swift */; };
		F2B60DED2B68E2310071204C /* MenuItemView.swift in Sources */ = {isa = PBXBuildFile; fileRef = F2B60DEC2B68E2310071204C /* MenuItemView.swift */; };
		F2C55AE62B5A7A74007A222A /* LoginService.swift in Sources */ = {isa = PBXBuildFile; fileRef = F2C55AE52B5A7A74007A222A /* LoginService.swift */; };
/* End PBXBuildFile section */

/* Begin PBXFileReference section */
		928550AB2B55604B0024A2A5 /* Validation.swift */ = {isa = PBXFileReference; lastKnownFileType = sourcecode.swift; path = Validation.swift; sourceTree = "<group>"; };
		928550AF2B5561CC0024A2A5 /* LoginViewModel.swift */ = {isa = PBXFileReference; lastKnownFileType = sourcecode.swift; path = LoginViewModel.swift; sourceTree = "<group>"; };
		928550B42B556C530024A2A5 /* RegisterView.swift */ = {isa = PBXFileReference; lastKnownFileType = sourcecode.swift; path = RegisterView.swift; sourceTree = "<group>"; };
		928550CF2B556DA70024A2A5 /* ProductListView.swift */ = {isa = PBXFileReference; lastKnownFileType = sourcecode.swift; path = ProductListView.swift; sourceTree = "<group>"; };
		928550D12B556DB70024A2A5 /* ProductDetailsView.swift */ = {isa = PBXFileReference; lastKnownFileType = sourcecode.swift; path = ProductDetailsView.swift; sourceTree = "<group>"; };
		928550D32B556DC60024A2A5 /* MyCartView.swift */ = {isa = PBXFileReference; lastKnownFileType = sourcecode.swift; path = MyCartView.swift; sourceTree = "<group>"; };
		928550D52B556DD50024A2A5 /* AddAddressView.swift */ = {isa = PBXFileReference; lastKnownFileType = sourcecode.swift; path = AddAddressView.swift; sourceTree = "<group>"; };
		928550DB2B556E070024A2A5 /* StoreLocatorView.swift */ = {isa = PBXFileReference; lastKnownFileType = sourcecode.swift; path = StoreLocatorView.swift; sourceTree = "<group>"; };
		928550DD2B556E180024A2A5 /* MyAccountView.swift */ = {isa = PBXFileReference; lastKnownFileType = sourcecode.swift; path = MyAccountView.swift; sourceTree = "<group>"; };
		9287A6962B565BE9008CA296 /* Constants.swift */ = {isa = PBXFileReference; lastKnownFileType = sourcecode.swift; path = Constants.swift; sourceTree = "<group>"; };
		928BEB292B6A242600CB2822 /* MyAccountViewModel.swift */ = {isa = PBXFileReference; fileEncoding = 4; lastKnownFileType = sourcecode.swift; path = MyAccountViewModel.swift; sourceTree = "<group>"; };
		928BEB2B2B6A249D00CB2822 /* AddAddressViewModel.swift */ = {isa = PBXFileReference; lastKnownFileType = sourcecode.swift; name = AddAddressViewModel.swift; path = "Neostore_SwiftUI/Pages/Add Address/View Model/AddAddressViewModel.swift"; sourceTree = SOURCE_ROOT; };
		928BEB302B6A61DC00CB2822 /* LabelTextFieldView.swift */ = {isa = PBXFileReference; lastKnownFileType = sourcecode.swift; path = LabelTextFieldView.swift; sourceTree = "<group>"; };
		928D77F02B69280100D47F36 /* ForgotPasswordView.swift */ = {isa = PBXFileReference; lastKnownFileType = sourcecode.swift; path = ForgotPasswordView.swift; sourceTree = "<group>"; };
		928D77F22B69287600D47F36 /* ForgotPasswordViewModel.swift */ = {isa = PBXFileReference; lastKnownFileType = sourcecode.swift; path = ForgotPasswordViewModel.swift; sourceTree = "<group>"; };
		928D77F42B692F9B00D47F36 /* ForgotPasswordService.swift */ = {isa = PBXFileReference; lastKnownFileType = sourcecode.swift; path = ForgotPasswordService.swift; sourceTree = "<group>"; };
		928F1C562B4FBBE6007AD919 /* Neostore_SwiftUI.app */ = {isa = PBXFileReference; explicitFileType = wrapper.application; includeInIndex = 0; path = Neostore_SwiftUI.app; sourceTree = BUILT_PRODUCTS_DIR; };
		928F1C592B4FBBE6007AD919 /* Neostore_SwiftUIApp.swift */ = {isa = PBXFileReference; lastKnownFileType = sourcecode.swift; path = Neostore_SwiftUIApp.swift; sourceTree = "<group>"; };
		928F1C5D2B4FBBEB007AD919 /* Assets.xcassets */ = {isa = PBXFileReference; lastKnownFileType = folder.assetcatalog; path = Assets.xcassets; sourceTree = "<group>"; };
		928F1C602B4FBBEB007AD919 /* Preview Assets.xcassets */ = {isa = PBXFileReference; lastKnownFileType = folder.assetcatalog; path = "Preview Assets.xcassets"; sourceTree = "<group>"; };
		928F1C6E2B4FC135007AD919 /* Gotham-Font */ = {isa = PBXFileReference; lastKnownFileType = folder; path = "Gotham-Font"; sourceTree = "<group>"; };
		928F1C702B4FC1B2007AD919 /* Neostore-SwiftUI-Info.plist */ = {isa = PBXFileReference; lastKnownFileType = text.plist; path = "Neostore-SwiftUI-Info.plist"; sourceTree = SOURCE_ROOT; };
		929272E02B6B6A6300014D5E /* ProductListViewModel.swift */ = {isa = PBXFileReference; lastKnownFileType = sourcecode.swift; name = ProductListViewModel.swift; path = "Neostore_SwiftUI/Pages/Product List/View/ProductListViewModel.swift"; sourceTree = SOURCE_ROOT; };
		929272E32B6B6ABA00014D5E /* ProductListService.swift */ = {isa = PBXFileReference; lastKnownFileType = sourcecode.swift; path = ProductListService.swift; sourceTree = "<group>"; };
		929272E52B6BD6E700014D5E /* ProductDetailTitleView.swift */ = {isa = PBXFileReference; lastKnownFileType = sourcecode.swift; path = ProductDetailTitleView.swift; sourceTree = "<group>"; };
		929272E72B6BD70B00014D5E /* ProductDetailDescriptionView.swift */ = {isa = PBXFileReference; lastKnownFileType = sourcecode.swift; path = ProductDetailDescriptionView.swift; sourceTree = "<group>"; };
		92961C682B679DDB008C9DC1 /* ResetPasswordService.swift */ = {isa = PBXFileReference; lastKnownFileType = sourcecode.swift; path = ResetPasswordService.swift; sourceTree = "<group>"; };
		929ED64C2B6A707200EE1E29 /* ProductListCell.swift */ = {isa = PBXFileReference; lastKnownFileType = sourcecode.swift; path = ProductListCell.swift; sourceTree = "<group>"; };
		92E379202B6783FF004F0FD6 /* ResetPasswordView.swift */ = {isa = PBXFileReference; lastKnownFileType = sourcecode.swift; path = ResetPasswordView.swift; sourceTree = "<group>"; };
		92E379222B6784B5004F0FD6 /* ResetPasswordViewModel.swift */ = {isa = PBXFileReference; lastKnownFileType = sourcecode.swift; path = ResetPasswordViewModel.swift; sourceTree = "<group>"; };
		F2310EAB2B59429C00631690 /* RegisterViewModel.swift */ = {isa = PBXFileReference; lastKnownFileType = sourcecode.swift; path = RegisterViewModel.swift; sourceTree = "<group>"; };
		F2310EAD2B59439F00631690 /* LoginModel.swift */ = {isa = PBXFileReference; lastKnownFileType = sourcecode.swift; path = LoginModel.swift; sourceTree = "<group>"; };
		F2310EB12B59445100631690 /* RegisterModel.swift */ = {isa = PBXFileReference; lastKnownFileType = sourcecode.swift; path = RegisterModel.swift; sourceTree = "<group>"; };
		F2310EB42B5947EC00631690 /* RegisterService.swift */ = {isa = PBXFileReference; lastKnownFileType = sourcecode.swift; path = RegisterService.swift; sourceTree = "<group>"; };
		F237730E2B51330C000C4AFA /* LoginView.swift */ = {isa = PBXFileReference; lastKnownFileType = sourcecode.swift; path = LoginView.swift; sourceTree = "<group>"; };
		F260DDB62B51517700101095 /* CustomTextField.swift */ = {isa = PBXFileReference; lastKnownFileType = sourcecode.swift; path = CustomTextField.swift; sourceTree = "<group>"; };
		F260DDB82B51611700101095 /* APIService.swift */ = {isa = PBXFileReference; lastKnownFileType = sourcecode.swift; path = APIService.swift; sourceTree = "<group>"; };
		F260DDBA2B51613600101095 /* APIManager.swift */ = {isa = PBXFileReference; lastKnownFileType = sourcecode.swift; path = APIManager.swift; sourceTree = "<group>"; };
		F266CE302B5162DF007EB401 /* Extensions.swift */ = {isa = PBXFileReference; lastKnownFileType = sourcecode.swift; path = Extensions.swift; sourceTree = "<group>"; };
		F266CE332B516617007EB401 /* HomeView.swift */ = {isa = PBXFileReference; lastKnownFileType = sourcecode.swift; path = HomeView.swift; sourceTree = "<group>"; };
		F2A657072B6107030070058F /* SideBarView.swift */ = {isa = PBXFileReference; lastKnownFileType = sourcecode.swift; path = SideBarView.swift; sourceTree = "<group>"; };
		F2A657092B6127C30070058F /* HomeViewModel.swift */ = {isa = PBXFileReference; lastKnownFileType = sourcecode.swift; path = HomeViewModel.swift; sourceTree = "<group>"; };
		F2A6570B2B6127E90070058F /* SideBarViewModel.swift */ = {isa = PBXFileReference; lastKnownFileType = sourcecode.swift; path = SideBarViewModel.swift; sourceTree = "<group>"; };
		F2A78E1E2B6B750D003101CF /* LoaderView.swift */ = {isa = PBXFileReference; lastKnownFileType = sourcecode.swift; path = LoaderView.swift; sourceTree = "<group>"; };
		F2B21B072B6A864300A17B4A /* MyCartViewModel.swift */ = {isa = PBXFileReference; lastKnownFileType = sourcecode.swift; path = MyCartViewModel.swift; sourceTree = "<group>"; };
		F2B21B0A2B6A877D00A17B4A /* ListCartItemsService.swift */ = {isa = PBXFileReference; lastKnownFileType = sourcecode.swift; path = ListCartItemsService.swift; sourceTree = "<group>"; };
		F2B60DC62B68C3FD0071204C /* OrderList.swift */ = {isa = PBXFileReference; lastKnownFileType = sourcecode.swift; path = OrderList.swift; sourceTree = "<group>"; };
		F2B60DC82B68C41B0071204C /* OrderDetails.swift */ = {isa = PBXFileReference; lastKnownFileType = sourcecode.swift; path = OrderDetails.swift; sourceTree = "<group>"; };
		F2B60DCB2B68C4520071204C /* UpdateAccountDetails.swift */ = {isa = PBXFileReference; lastKnownFileType = sourcecode.swift; path = UpdateAccountDetails.swift; sourceTree = "<group>"; };
		F2B60DCD2B68C4690071204C /* ResetPassword.swift */ = {isa = PBXFileReference; lastKnownFileType = sourcecode.swift; path = ResetPassword.swift; sourceTree = "<group>"; };
		F2B60DCF2B68C5C30071204C /* OrderListView.swift */ = {isa = PBXFileReference; lastKnownFileType = sourcecode.swift; path = OrderListView.swift; sourceTree = "<group>"; };
		F2B60DD12B68C5D40071204C /* OrderDetailsView.swift */ = {isa = PBXFileReference; lastKnownFileType = sourcecode.swift; path = OrderDetailsView.swift; sourceTree = "<group>"; };
		F2B60DD42B68C6100071204C /* ListCartItems.swift */ = {isa = PBXFileReference; lastKnownFileType = sourcecode.swift; path = ListCartItems.swift; sourceTree = "<group>"; };
		F2B60DD62B68C6280071204C /* EditCartItems.swift */ = {isa = PBXFileReference; lastKnownFileType = sourcecode.swift; path = EditCartItems.swift; sourceTree = "<group>"; };
		F2B60DD82B68C63E0071204C /* DeleteCartItems.swift */ = {isa = PBXFileReference; lastKnownFileType = sourcecode.swift; path = DeleteCartItems.swift; sourceTree = "<group>"; };
		F2B60DDB2B68C66A0071204C /* ProductDetails.swift */ = {isa = PBXFileReference; lastKnownFileType = sourcecode.swift; path = ProductDetails.swift; sourceTree = "<group>"; };
		F2B60DDD2B68C6820071204C /* ProductRating.swift */ = {isa = PBXFileReference; lastKnownFileType = sourcecode.swift; path = ProductRating.swift; sourceTree = "<group>"; };
		F2B60DDF2B68C69B0071204C /* AddToCart.swift */ = {isa = PBXFileReference; lastKnownFileType = sourcecode.swift; path = AddToCart.swift; sourceTree = "<group>"; };
		F2B60DE22B68C6D80071204C /* ProductListing.swift */ = {isa = PBXFileReference; lastKnownFileType = sourcecode.swift; path = ProductListing.swift; sourceTree = "<group>"; };
		F2B60DE42B68C7080071204C /* AccountDetails.swift */ = {isa = PBXFileReference; lastKnownFileType = sourcecode.swift; path = AccountDetails.swift; sourceTree = "<group>"; };
		F2B60DE62B68DA2F0071204C /* AccountDetailsService.swift */ = {isa = PBXFileReference; lastKnownFileType = sourcecode.swift; path = AccountDetailsService.swift; sourceTree = "<group>"; };
		F2B60DE82B68E1F20071204C /* ProfileView.swift */ = {isa = PBXFileReference; lastKnownFileType = sourcecode.swift; path = ProfileView.swift; sourceTree = "<group>"; };
		F2B60DEA2B68E2150071204C /* FirstMenuItemView.swift */ = {isa = PBXFileReference; lastKnownFileType = sourcecode.swift; path = FirstMenuItemView.swift; sourceTree = "<group>"; };
		F2B60DEC2B68E2310071204C /* MenuItemView.swift */ = {isa = PBXFileReference; lastKnownFileType = sourcecode.swift; path = MenuItemView.swift; sourceTree = "<group>"; };
		F2C55AE52B5A7A74007A222A /* LoginService.swift */ = {isa = PBXFileReference; lastKnownFileType = sourcecode.swift; path = LoginService.swift; sourceTree = "<group>"; };
/* End PBXFileReference section */

/* Begin PBXFrameworksBuildPhase section */
		928F1C532B4FBBE6007AD919 /* Frameworks */ = {
			isa = PBXFrameworksBuildPhase;
			buildActionMask = 2147483647;
			files = (
			);
			runOnlyForDeploymentPostprocessing = 0;
		};
/* End PBXFrameworksBuildPhase section */

/* Begin PBXGroup section */
		928550AD2B5561700024A2A5 /* View */ = {
			isa = PBXGroup;
			children = (
				F237730E2B51330C000C4AFA /* LoginView.swift */,
			);
			path = View;
			sourceTree = "<group>";
		};
		928550AE2B5561770024A2A5 /* ViewModel */ = {
			isa = PBXGroup;
			children = (
				928550AF2B5561CC0024A2A5 /* LoginViewModel.swift */,
			);
			path = ViewModel;
			sourceTree = "<group>";
		};
		928550B12B556BE90024A2A5 /* Register */ = {
			isa = PBXGroup;
			children = (
				F2310EB02B59444200631690 /* Model */,
				928550B22B556BFB0024A2A5 /* View */,
				F25D2A3B2B593767001B8BED /* ViewModel */,
				F2310EB32B5947CD00631690 /* WebService */,
			);
			path = Register;
			sourceTree = "<group>";
		};
		928550B22B556BFB0024A2A5 /* View */ = {
			isa = PBXGroup;
			children = (
				928550B42B556C530024A2A5 /* RegisterView.swift */,
			);
			path = View;
			sourceTree = "<group>";
		};
		928550B62B556C780024A2A5 /* Product List */ = {
			isa = PBXGroup;
			children = (
				929272E22B6B6AA500014D5E /* WebService */,
				F2B60DE12B68C6C20071204C /* Model */,
				928550BF2B556D180024A2A5 /* View Model */,
				928550BE2B556D130024A2A5 /* View */,
			);
			path = "Product List";
			sourceTree = "<group>";
		};
		928550B72B556C810024A2A5 /* Product Details */ = {
			isa = PBXGroup;
			children = (
				F2B60DDA2B68C6590071204C /* Model */,
				928550C12B556D350024A2A5 /* View Model */,
				928550C02B556D2F0024A2A5 /* View */,
			);
			path = "Product Details";
			sourceTree = "<group>";
		};
		928550B82B556C8E0024A2A5 /* My Cart */ = {
			isa = PBXGroup;
			children = (
				F2B21B092B6A876800A17B4A /* WebService */,
				F2B21B062B6A862800A17B4A /* View Model */,
				F2B60DD32B68C6040071204C /* Model */,
				928550C32B556D450024A2A5 /* View */,
			);
			path = "My Cart";
			sourceTree = "<group>";
		};
		928550B92B556CAF0024A2A5 /* Add Address */ = {
			isa = PBXGroup;
			children = (
				928BEB2D2B6A24AE00CB2822 /* View Model */,
				928550C52B556D590024A2A5 /* View */,
			);
			path = "Add Address";
			sourceTree = "<group>";
		};
		928550BA2B556CCA0024A2A5 /* My Orders */ = {
			isa = PBXGroup;
			children = (
				F2B60DC52B68C3EC0071204C /* Model */,
				928550C72B556D650024A2A5 /* View Model */,
				928550C62B556D5F0024A2A5 /* View */,
			);
			path = "My Orders";
			sourceTree = "<group>";
		};
		928550BC2B556CEA0024A2A5 /* Store Locator */ = {
			isa = PBXGroup;
			children = (
				928550CC2B556D870024A2A5 /* View Model */,
				928550CB2B556D810024A2A5 /* View */,
			);
			path = "Store Locator";
			sourceTree = "<group>";
		};
		928550BD2B556D070024A2A5 /* My Account */ = {
			isa = PBXGroup;
			children = (
				928BEB262B6A23CA00CB2822 /* View Model */,
				F2B60DCA2B68C4380071204C /* Model */,
				928550CD2B556D8F0024A2A5 /* View  */,
			);
			path = "My Account";
			sourceTree = "<group>";
		};
		928550BE2B556D130024A2A5 /* View */ = {
			isa = PBXGroup;
			children = (
				928550CF2B556DA70024A2A5 /* ProductListView.swift */,
				929ED64C2B6A707200EE1E29 /* ProductListCell.swift */,
			);
			path = View;
			sourceTree = "<group>";
		};
		928550BF2B556D180024A2A5 /* View Model */ = {
			isa = PBXGroup;
			children = (
				929272E02B6B6A6300014D5E /* ProductListViewModel.swift */,
			);
			path = "View Model";
			sourceTree = "<group>";
		};
		928550C02B556D2F0024A2A5 /* View */ = {
			isa = PBXGroup;
			children = (
				928550D12B556DB70024A2A5 /* ProductDetailsView.swift */,
				929272E52B6BD6E700014D5E /* ProductDetailTitleView.swift */,
				929272E72B6BD70B00014D5E /* ProductDetailDescriptionView.swift */,
			);
			path = View;
			sourceTree = "<group>";
		};
		928550C12B556D350024A2A5 /* View Model */ = {
			isa = PBXGroup;
			children = (
			);
			path = "View Model";
			sourceTree = "<group>";
		};
		928550C32B556D450024A2A5 /* View */ = {
			isa = PBXGroup;
			children = (
				928550D32B556DC60024A2A5 /* MyCartView.swift */,
			);
			path = View;
			sourceTree = "<group>";
		};
		928550C52B556D590024A2A5 /* View */ = {
			isa = PBXGroup;
			children = (
				928550D52B556DD50024A2A5 /* AddAddressView.swift */,
				928BEB302B6A61DC00CB2822 /* LabelTextFieldView.swift */,
			);
			path = View;
			sourceTree = "<group>";
		};
		928550C62B556D5F0024A2A5 /* View */ = {
			isa = PBXGroup;
			children = (
				F2B60DCF2B68C5C30071204C /* OrderListView.swift */,
				F2B60DD12B68C5D40071204C /* OrderDetailsView.swift */,
			);
			path = View;
			sourceTree = "<group>";
		};
		928550C72B556D650024A2A5 /* View Model */ = {
			isa = PBXGroup;
			children = (
			);
			path = "View Model";
			sourceTree = "<group>";
		};
		928550CB2B556D810024A2A5 /* View */ = {
			isa = PBXGroup;
			children = (
				928550DB2B556E070024A2A5 /* StoreLocatorView.swift */,
			);
			path = View;
			sourceTree = "<group>";
		};
		928550CC2B556D870024A2A5 /* View Model */ = {
			isa = PBXGroup;
			children = (
			);
			path = "View Model";
			sourceTree = "<group>";
		};
		928550CD2B556D8F0024A2A5 /* View  */ = {
			isa = PBXGroup;
			children = (
				928550DD2B556E180024A2A5 /* MyAccountView.swift */,
			);
			path = "View ";
			sourceTree = "<group>";
		};
		928BEB262B6A23CA00CB2822 /* View Model */ = {
			isa = PBXGroup;
			children = (
				928BEB292B6A242600CB2822 /* MyAccountViewModel.swift */,
			);
			path = "View Model";
			sourceTree = "<group>";
		};
		928BEB2D2B6A24AE00CB2822 /* View Model */ = {
			isa = PBXGroup;
			children = (
				928BEB2B2B6A249D00CB2822 /* AddAddressViewModel.swift */,
			);
			path = "View Model";
			sourceTree = "<group>";
		};
		928D77EC2B6927B200D47F36 /* Forgot Password */ = {
			isa = PBXGroup;
			children = (
				928D77EF2B6927C900D47F36 /* WebService */,
				928D77EE2B6927C300D47F36 /* ViewModel */,
				928D77ED2B6927BD00D47F36 /* View  */,
			);
			path = "Forgot Password";
			sourceTree = "<group>";
		};
		928D77ED2B6927BD00D47F36 /* View  */ = {
			isa = PBXGroup;
			children = (
				928D77F02B69280100D47F36 /* ForgotPasswordView.swift */,
			);
			path = "View ";
			sourceTree = "<group>";
		};
		928D77EE2B6927C300D47F36 /* ViewModel */ = {
			isa = PBXGroup;
			children = (
				928D77F22B69287600D47F36 /* ForgotPasswordViewModel.swift */,
			);
			path = ViewModel;
			sourceTree = "<group>";
		};
		928D77EF2B6927C900D47F36 /* WebService */ = {
			isa = PBXGroup;
			children = (
				928D77F42B692F9B00D47F36 /* ForgotPasswordService.swift */,
			);
			path = WebService;
			sourceTree = "<group>";
		};
		928F1C4D2B4FBBE6007AD919 = {
			isa = PBXGroup;
			children = (
				928F1C582B4FBBE6007AD919 /* Neostore_SwiftUI */,
				928F1C572B4FBBE6007AD919 /* Products */,
			);
			sourceTree = "<group>";
		};
		928F1C572B4FBBE6007AD919 /* Products */ = {
			isa = PBXGroup;
			children = (
				928F1C562B4FBBE6007AD919 /* Neostore_SwiftUI.app */,
			);
			name = Products;
			sourceTree = "<group>";
		};
		928F1C582B4FBBE6007AD919 /* Neostore_SwiftUI */ = {
			isa = PBXGroup;
			children = (
				928F1C702B4FC1B2007AD919 /* Neostore-SwiftUI-Info.plist */,
				928F1C672B4FBBF2007AD919 /* Application */,
				928F1C6B2B4FBD64007AD919 /* Pages */,
				F268414A2B51348E001AD02B /* APIService */,
				F266CE2F2B5162D0007EB401 /* Utility */,
				928F1C6A2B4FBD1F007AD919 /* Resources */,
				928F1C5F2B4FBBEB007AD919 /* Preview Content */,
			);
			path = Neostore_SwiftUI;
			sourceTree = "<group>";
		};
		928F1C5F2B4FBBEB007AD919 /* Preview Content */ = {
			isa = PBXGroup;
			children = (
				928F1C602B4FBBEB007AD919 /* Preview Assets.xcassets */,
			);
			path = "Preview Content";
			sourceTree = "<group>";
		};
		928F1C672B4FBBF2007AD919 /* Application */ = {
			isa = PBXGroup;
			children = (
				928F1C592B4FBBE6007AD919 /* Neostore_SwiftUIApp.swift */,
			);
			path = Application;
			sourceTree = "<group>";
		};
		928F1C682B4FBBFD007AD919 /* Login */ = {
			isa = PBXGroup;
			children = (
				F2310EAF2B5943A600631690 /* Model */,
				928550AD2B5561700024A2A5 /* View */,
				928550AE2B5561770024A2A5 /* ViewModel */,
				F2C55AE42B5A7A4A007A222A /* WebService */,
			);
			path = Login;
			sourceTree = "<group>";
		};
		928F1C6A2B4FBD1F007AD919 /* Resources */ = {
			isa = PBXGroup;
			children = (
				928F1C6E2B4FC135007AD919 /* Gotham-Font */,
				928F1C5D2B4FBBEB007AD919 /* Assets.xcassets */,
			);
			path = Resources;
			sourceTree = "<group>";
		};
		928F1C6B2B4FBD64007AD919 /* Pages */ = {
			isa = PBXGroup;
			children = (
				928D77EC2B6927B200D47F36 /* Forgot Password */,
				92E3791D2B678366004F0FD6 /* Reset Password */,
				928550BD2B556D070024A2A5 /* My Account */,
				928550BC2B556CEA0024A2A5 /* Store Locator */,
				928550BA2B556CCA0024A2A5 /* My Orders */,
				928550B92B556CAF0024A2A5 /* Add Address */,
				928550B82B556C8E0024A2A5 /* My Cart */,
				928550B72B556C810024A2A5 /* Product Details */,
				928550B62B556C780024A2A5 /* Product List */,
				928550B12B556BE90024A2A5 /* Register */,
				928F1C682B4FBBFD007AD919 /* Login */,
				F266CE322B5165FB007EB401 /* Home */,
			);
			path = Pages;
			sourceTree = "<group>";
		};
		929272E22B6B6AA500014D5E /* WebService */ = {
			isa = PBXGroup;
			children = (
				929272E32B6B6ABA00014D5E /* ProductListService.swift */,
			);
			path = WebService;
			sourceTree = "<group>";
		};
		92961C672B679DB8008C9DC1 /* WebService */ = {
			isa = PBXGroup;
			children = (
				92961C682B679DDB008C9DC1 /* ResetPasswordService.swift */,
			);
			path = WebService;
			sourceTree = "<group>";
		};
		92E3791D2B678366004F0FD6 /* Reset Password */ = {
			isa = PBXGroup;
			children = (
				92961C672B679DB8008C9DC1 /* WebService */,
				92E3791F2B678383004F0FD6 /* View Model */,
				92E3791E2B67837C004F0FD6 /* View */,
			);
			path = "Reset Password";
			sourceTree = "<group>";
		};
		92E3791E2B67837C004F0FD6 /* View */ = {
			isa = PBXGroup;
			children = (
				92E379202B6783FF004F0FD6 /* ResetPasswordView.swift */,
			);
			path = View;
			sourceTree = "<group>";
		};
		92E3791F2B678383004F0FD6 /* View Model */ = {
			isa = PBXGroup;
			children = (
				92E379222B6784B5004F0FD6 /* ResetPasswordViewModel.swift */,
			);
			path = "View Model";
			sourceTree = "<group>";
		};
		F2310EAF2B5943A600631690 /* Model */ = {
			isa = PBXGroup;
			children = (
				F2310EAD2B59439F00631690 /* LoginModel.swift */,
			);
			path = Model;
			sourceTree = "<group>";
		};
		F2310EB02B59444200631690 /* Model */ = {
			isa = PBXGroup;
			children = (
				F2310EB12B59445100631690 /* RegisterModel.swift */,
			);
			path = Model;
			sourceTree = "<group>";
		};
		F2310EB32B5947CD00631690 /* WebService */ = {
			isa = PBXGroup;
			children = (
				F2310EB42B5947EC00631690 /* RegisterService.swift */,
			);
			path = WebService;
			sourceTree = "<group>";
		};
		F25D2A3B2B593767001B8BED /* ViewModel */ = {
			isa = PBXGroup;
			children = (
				F2310EAB2B59429C00631690 /* RegisterViewModel.swift */,
			);
			path = ViewModel;
			sourceTree = "<group>";
		};
		F266CE2F2B5162D0007EB401 /* Utility */ = {
			isa = PBXGroup;
			children = (
				F260DDB62B51517700101095 /* CustomTextField.swift */,
				F266CE302B5162DF007EB401 /* Extensions.swift */,
				928550AB2B55604B0024A2A5 /* Validation.swift */,
				9287A6962B565BE9008CA296 /* Constants.swift */,
				F2A78E1E2B6B750D003101CF /* LoaderView.swift */,
			);
			path = Utility;
			sourceTree = "<group>";
		};
		F266CE322B5165FB007EB401 /* Home */ = {
			isa = PBXGroup;
			children = (
				F2A69C222B5FCD3E0020BFA3 /* Model */,
				F2A69C212B5FCD300020BFA3 /* View */,
				F2A69C202B5FCD240020BFA3 /* ViewModel */,
				F2A69C1F2B5FCD130020BFA3 /* WebService */,
			);
			path = Home;
			sourceTree = "<group>";
		};
		F268414A2B51348E001AD02B /* APIService */ = {
			isa = PBXGroup;
			children = (
				F260DDB82B51611700101095 /* APIService.swift */,
				F260DDBA2B51613600101095 /* APIManager.swift */,
			);
			path = APIService;
			sourceTree = "<group>";
		};
		F2A69C1F2B5FCD130020BFA3 /* WebService */ = {
			isa = PBXGroup;
			children = (
				F2B60DE62B68DA2F0071204C /* AccountDetailsService.swift */,
			);
			path = WebService;
			sourceTree = "<group>";
		};
		F2A69C202B5FCD240020BFA3 /* ViewModel */ = {
			isa = PBXGroup;
			children = (
				F2A657092B6127C30070058F /* HomeViewModel.swift */,
				F2A6570B2B6127E90070058F /* SideBarViewModel.swift */,
			);
			path = ViewModel;
			sourceTree = "<group>";
		};
		F2A69C212B5FCD300020BFA3 /* View */ = {
			isa = PBXGroup;
			children = (
				F266CE332B516617007EB401 /* HomeView.swift */,
				F2A657072B6107030070058F /* SideBarView.swift */,
				F2B60DE82B68E1F20071204C /* ProfileView.swift */,
				F2B60DEA2B68E2150071204C /* FirstMenuItemView.swift */,
				F2B60DEC2B68E2310071204C /* MenuItemView.swift */,
			);
			path = View;
			sourceTree = "<group>";
		};
		F2A69C222B5FCD3E0020BFA3 /* Model */ = {
			isa = PBXGroup;
			children = (
				F2B60DE42B68C7080071204C /* AccountDetails.swift */,
			);
			path = Model;
			sourceTree = "<group>";
		};
		F2B21B062B6A862800A17B4A /* View Model */ = {
			isa = PBXGroup;
			children = (
				F2B21B072B6A864300A17B4A /* MyCartViewModel.swift */,
			);
			path = "View Model";
			sourceTree = "<group>";
		};
		F2B21B092B6A876800A17B4A /* WebService */ = {
			isa = PBXGroup;
			children = (
				F2B21B0A2B6A877D00A17B4A /* ListCartItemsService.swift */,
			);
			path = WebService;
			sourceTree = "<group>";
		};
		F2B60DC52B68C3EC0071204C /* Model */ = {
			isa = PBXGroup;
			children = (
				F2B60DC62B68C3FD0071204C /* OrderList.swift */,
				F2B60DC82B68C41B0071204C /* OrderDetails.swift */,
			);
			path = Model;
			sourceTree = "<group>";
		};
		F2B60DCA2B68C4380071204C /* Model */ = {
			isa = PBXGroup;
			children = (
				F2B60DCB2B68C4520071204C /* UpdateAccountDetails.swift */,
				F2B60DCD2B68C4690071204C /* ResetPassword.swift */,
			);
			path = Model;
			sourceTree = "<group>";
		};
		F2B60DD32B68C6040071204C /* Model */ = {
			isa = PBXGroup;
			children = (
				F2B60DD42B68C6100071204C /* ListCartItems.swift */,
				F2B60DD62B68C6280071204C /* EditCartItems.swift */,
				F2B60DD82B68C63E0071204C /* DeleteCartItems.swift */,
			);
			path = Model;
			sourceTree = "<group>";
		};
		F2B60DDA2B68C6590071204C /* Model */ = {
			isa = PBXGroup;
			children = (
				F2B60DDB2B68C66A0071204C /* ProductDetails.swift */,
				F2B60DDD2B68C6820071204C /* ProductRating.swift */,
				F2B60DDF2B68C69B0071204C /* AddToCart.swift */,
			);
			path = Model;
			sourceTree = "<group>";
		};
		F2B60DE12B68C6C20071204C /* Model */ = {
			isa = PBXGroup;
			children = (
				F2B60DE22B68C6D80071204C /* ProductListing.swift */,
			);
			path = Model;
			sourceTree = "<group>";
		};
		F2C55AE42B5A7A4A007A222A /* WebService */ = {
			isa = PBXGroup;
			children = (
				F2C55AE52B5A7A74007A222A /* LoginService.swift */,
			);
			path = WebService;
			sourceTree = "<group>";
		};
/* End PBXGroup section */

/* Begin PBXNativeTarget section */
		928F1C552B4FBBE6007AD919 /* Neostore_SwiftUI */ = {
			isa = PBXNativeTarget;
			buildConfigurationList = 928F1C642B4FBBEB007AD919 /* Build configuration list for PBXNativeTarget "Neostore_SwiftUI" */;
			buildPhases = (
				928F1C522B4FBBE6007AD919 /* Sources */,
				928F1C532B4FBBE6007AD919 /* Frameworks */,
				928F1C542B4FBBE6007AD919 /* Resources */,
			);
			buildRules = (
			);
			dependencies = (
			);
			name = Neostore_SwiftUI;
			productName = Neostore_SwiftUI;
			productReference = 928F1C562B4FBBE6007AD919 /* Neostore_SwiftUI.app */;
			productType = "com.apple.product-type.application";
		};
/* End PBXNativeTarget section */

/* Begin PBXProject section */
		928F1C4E2B4FBBE6007AD919 /* Project object */ = {
			isa = PBXProject;
			attributes = {
				BuildIndependentTargetsInParallel = 1;
				LastSwiftUpdateCheck = 1420;
				LastUpgradeCheck = 1420;
				TargetAttributes = {
					928F1C552B4FBBE6007AD919 = {
						CreatedOnToolsVersion = 14.2;
					};
				};
			};
			buildConfigurationList = 928F1C512B4FBBE6007AD919 /* Build configuration list for PBXProject "Neostore_SwiftUI" */;
			compatibilityVersion = "Xcode 14.0";
			developmentRegion = en;
			hasScannedForEncodings = 0;
			knownRegions = (
				en,
				Base,
			);
			mainGroup = 928F1C4D2B4FBBE6007AD919;
			productRefGroup = 928F1C572B4FBBE6007AD919 /* Products */;
			projectDirPath = "";
			projectRoot = "";
			targets = (
				928F1C552B4FBBE6007AD919 /* Neostore_SwiftUI */,
			);
		};
/* End PBXProject section */

/* Begin PBXResourcesBuildPhase section */
		928F1C542B4FBBE6007AD919 /* Resources */ = {
			isa = PBXResourcesBuildPhase;
			buildActionMask = 2147483647;
			files = (
				928F1C612B4FBBEB007AD919 /* Preview Assets.xcassets in Resources */,
				928F1C5E2B4FBBEB007AD919 /* Assets.xcassets in Resources */,
				928F1C6F2B4FC135007AD919 /* Gotham-Font in Resources */,
			);
			runOnlyForDeploymentPostprocessing = 0;
		};
/* End PBXResourcesBuildPhase section */

/* Begin PBXSourcesBuildPhase section */
		928F1C522B4FBBE6007AD919 /* Sources */ = {
			isa = PBXSourcesBuildPhase;
			buildActionMask = 2147483647;
			files = (
				F2310EAE2B59439F00631690 /* LoginModel.swift in Sources */,
				F2B60DCE2B68C4690071204C /* ResetPassword.swift in Sources */,
				F2B60DC72B68C3FD0071204C /* OrderList.swift in Sources */,
				F2B60DCC2B68C4520071204C /* UpdateAccountDetails.swift in Sources */,
				9287A6972B565BE9008CA296 /* Constants.swift in Sources */,
				929ED64D2B6A707200EE1E29 /* ProductListCell.swift in Sources */,
				928BEB312B6A61DC00CB2822 /* LabelTextFieldView.swift in Sources */,
				92E379212B6783FF004F0FD6 /* ResetPasswordView.swift in Sources */,
				928550D02B556DA70024A2A5 /* ProductListView.swift in Sources */,
				F2B60DE02B68C69B0071204C /* AddToCart.swift in Sources */,
				928BEB2A2B6A242600CB2822 /* MyAccountViewModel.swift in Sources */,
				928550DC2B556E070024A2A5 /* StoreLocatorView.swift in Sources */,
				929272E42B6B6ABA00014D5E /* ProductListService.swift in Sources */,
				F237730F2B51330C000C4AFA /* LoginView.swift in Sources */,
				F2310EB52B5947EC00631690 /* RegisterService.swift in Sources */,
				F2B21B0B2B6A877D00A17B4A /* ListCartItemsService.swift in Sources */,
				F2C55AE62B5A7A74007A222A /* LoginService.swift in Sources */,
				F2310EB22B59445100631690 /* RegisterModel.swift in Sources */,
				929272E12B6B6A6300014D5E /* ProductListViewModel.swift in Sources */,
				F2B21B082B6A864300A17B4A /* MyCartViewModel.swift in Sources */,
				F2B60DDC2B68C66A0071204C /* ProductDetails.swift in Sources */,
				928550DE2B556E180024A2A5 /* MyAccountView.swift in Sources */,
				92E379232B6784B5004F0FD6 /* ResetPasswordViewModel.swift in Sources */,
				F2B60DEB2B68E2150071204C /* FirstMenuItemView.swift in Sources */,
				928550B52B556C530024A2A5 /* RegisterView.swift in Sources */,
				F2B60DE32B68C6D80071204C /* ProductListing.swift in Sources */,
				928550D42B556DC60024A2A5 /* MyCartView.swift in Sources */,
				F2B60DED2B68E2310071204C /* MenuItemView.swift in Sources */,
				F2B60DC92B68C41B0071204C /* OrderDetails.swift in Sources */,
				F266CE342B516617007EB401 /* HomeView.swift in Sources */,
				928D77F32B69287700D47F36 /* ForgotPasswordViewModel.swift in Sources */,
				928D77F52B692F9B00D47F36 /* ForgotPasswordService.swift in Sources */,
				F2B60DDE2B68C6820071204C /* ProductRating.swift in Sources */,
				F2B60DD22B68C5D40071204C /* OrderDetailsView.swift in Sources */,
				F266CE312B5162DF007EB401 /* Extensions.swift in Sources */,
				92961C692B679DDB008C9DC1 /* ResetPasswordService.swift in Sources */,
				F2B60DD02B68C5C30071204C /* OrderListView.swift in Sources */,
				928550D22B556DB70024A2A5 /* ProductDetailsView.swift in Sources */,
				F2310EAC2B59429C00631690 /* RegisterViewModel.swift in Sources */,
				F2B60DD92B68C63E0071204C /* DeleteCartItems.swift in Sources */,
				928F1C5A2B4FBBE6007AD919 /* Neostore_SwiftUIApp.swift in Sources */,
				F260DDBB2B51613600101095 /* APIManager.swift in Sources */,
				928D77F12B69280100D47F36 /* ForgotPasswordView.swift in Sources */,
				F2B60DE52B68C7080071204C /* AccountDetails.swift in Sources */,
				929272E82B6BD70B00014D5E /* ProductDetailDescriptionView.swift in Sources */,
				F2A657082B6107030070058F /* SideBarView.swift in Sources */,
				928550D62B556DD50024A2A5 /* AddAddressView.swift in Sources */,
				F2A6570C2B6127E90070058F /* SideBarViewModel.swift in Sources */,
				F2A78E1F2B6B750D003101CF /* LoaderView.swift in Sources */,
				F2B60DD52B68C6100071204C /* ListCartItems.swift in Sources */,
				F2B60DE92B68E1F20071204C /* ProfileView.swift in Sources */,
				F260DDB92B51611700101095 /* APIService.swift in Sources */,
				F2B60DE72B68DA2F0071204C /* AccountDetailsService.swift in Sources */,
				F2B60DD72B68C6280071204C /* EditCartItems.swift in Sources */,
				F2A6570A2B6127C30070058F /* HomeViewModel.swift in Sources */,
				928BEB2C2B6A249D00CB2822 /* AddAddressViewModel.swift in Sources */,
				928550AC2B55604B0024A2A5 /* Validation.swift in Sources */,
				F260DDB72B51517700101095 /* CustomTextField.swift in Sources */,
				928550B02B5561CC0024A2A5 /* LoginViewModel.swift in Sources */,
				929272E62B6BD6E700014D5E /* ProductDetailTitleView.swift in Sources */,
			);
			runOnlyForDeploymentPostprocessing = 0;
		};
/* End PBXSourcesBuildPhase section */

/* Begin XCBuildConfiguration section */
		928F1C622B4FBBEB007AD919 /* Debug */ = {
			isa = XCBuildConfiguration;
			buildSettings = {
				ALWAYS_SEARCH_USER_PATHS = NO;
				CLANG_ANALYZER_NONNULL = YES;
				CLANG_ANALYZER_NUMBER_OBJECT_CONVERSION = YES_AGGRESSIVE;
				CLANG_CXX_LANGUAGE_STANDARD = "gnu++20";
				CLANG_ENABLE_MODULES = YES;
				CLANG_ENABLE_OBJC_ARC = YES;
				CLANG_ENABLE_OBJC_WEAK = YES;
				CLANG_WARN_BLOCK_CAPTURE_AUTORELEASING = YES;
				CLANG_WARN_BOOL_CONVERSION = YES;
				CLANG_WARN_COMMA = YES;
				CLANG_WARN_CONSTANT_CONVERSION = YES;
				CLANG_WARN_DEPRECATED_OBJC_IMPLEMENTATIONS = YES;
				CLANG_WARN_DIRECT_OBJC_ISA_USAGE = YES_ERROR;
				CLANG_WARN_DOCUMENTATION_COMMENTS = YES;
				CLANG_WARN_EMPTY_BODY = YES;
				CLANG_WARN_ENUM_CONVERSION = YES;
				CLANG_WARN_INFINITE_RECURSION = YES;
				CLANG_WARN_INT_CONVERSION = YES;
				CLANG_WARN_NON_LITERAL_NULL_CONVERSION = YES;
				CLANG_WARN_OBJC_IMPLICIT_RETAIN_SELF = YES;
				CLANG_WARN_OBJC_LITERAL_CONVERSION = YES;
				CLANG_WARN_OBJC_ROOT_CLASS = YES_ERROR;
				CLANG_WARN_QUOTED_INCLUDE_IN_FRAMEWORK_HEADER = YES;
				CLANG_WARN_RANGE_LOOP_ANALYSIS = YES;
				CLANG_WARN_STRICT_PROTOTYPES = YES;
				CLANG_WARN_SUSPICIOUS_MOVE = YES;
				CLANG_WARN_UNGUARDED_AVAILABILITY = YES_AGGRESSIVE;
				CLANG_WARN_UNREACHABLE_CODE = YES;
				CLANG_WARN__DUPLICATE_METHOD_MATCH = YES;
				COPY_PHASE_STRIP = NO;
				DEBUG_INFORMATION_FORMAT = dwarf;
				ENABLE_STRICT_OBJC_MSGSEND = YES;
				ENABLE_TESTABILITY = YES;
				GCC_C_LANGUAGE_STANDARD = gnu11;
				GCC_DYNAMIC_NO_PIC = NO;
				GCC_NO_COMMON_BLOCKS = YES;
				GCC_OPTIMIZATION_LEVEL = 0;
				GCC_PREPROCESSOR_DEFINITIONS = (
					"DEBUG=1",
					"$(inherited)",
				);
				GCC_WARN_64_TO_32_BIT_CONVERSION = YES;
				GCC_WARN_ABOUT_RETURN_TYPE = YES_ERROR;
				GCC_WARN_UNDECLARED_SELECTOR = YES;
				GCC_WARN_UNINITIALIZED_AUTOS = YES_AGGRESSIVE;
				GCC_WARN_UNUSED_FUNCTION = YES;
				GCC_WARN_UNUSED_VARIABLE = YES;
				IPHONEOS_DEPLOYMENT_TARGET = 16.2;
				MTL_ENABLE_DEBUG_INFO = INCLUDE_SOURCE;
				MTL_FAST_MATH = YES;
				ONLY_ACTIVE_ARCH = YES;
				SDKROOT = iphoneos;
				SWIFT_ACTIVE_COMPILATION_CONDITIONS = DEBUG;
				SWIFT_OPTIMIZATION_LEVEL = "-Onone";
			};
			name = Debug;
		};
		928F1C632B4FBBEB007AD919 /* Release */ = {
			isa = XCBuildConfiguration;
			buildSettings = {
				ALWAYS_SEARCH_USER_PATHS = NO;
				CLANG_ANALYZER_NONNULL = YES;
				CLANG_ANALYZER_NUMBER_OBJECT_CONVERSION = YES_AGGRESSIVE;
				CLANG_CXX_LANGUAGE_STANDARD = "gnu++20";
				CLANG_ENABLE_MODULES = YES;
				CLANG_ENABLE_OBJC_ARC = YES;
				CLANG_ENABLE_OBJC_WEAK = YES;
				CLANG_WARN_BLOCK_CAPTURE_AUTORELEASING = YES;
				CLANG_WARN_BOOL_CONVERSION = YES;
				CLANG_WARN_COMMA = YES;
				CLANG_WARN_CONSTANT_CONVERSION = YES;
				CLANG_WARN_DEPRECATED_OBJC_IMPLEMENTATIONS = YES;
				CLANG_WARN_DIRECT_OBJC_ISA_USAGE = YES_ERROR;
				CLANG_WARN_DOCUMENTATION_COMMENTS = YES;
				CLANG_WARN_EMPTY_BODY = YES;
				CLANG_WARN_ENUM_CONVERSION = YES;
				CLANG_WARN_INFINITE_RECURSION = YES;
				CLANG_WARN_INT_CONVERSION = YES;
				CLANG_WARN_NON_LITERAL_NULL_CONVERSION = YES;
				CLANG_WARN_OBJC_IMPLICIT_RETAIN_SELF = YES;
				CLANG_WARN_OBJC_LITERAL_CONVERSION = YES;
				CLANG_WARN_OBJC_ROOT_CLASS = YES_ERROR;
				CLANG_WARN_QUOTED_INCLUDE_IN_FRAMEWORK_HEADER = YES;
				CLANG_WARN_RANGE_LOOP_ANALYSIS = YES;
				CLANG_WARN_STRICT_PROTOTYPES = YES;
				CLANG_WARN_SUSPICIOUS_MOVE = YES;
				CLANG_WARN_UNGUARDED_AVAILABILITY = YES_AGGRESSIVE;
				CLANG_WARN_UNREACHABLE_CODE = YES;
				CLANG_WARN__DUPLICATE_METHOD_MATCH = YES;
				COPY_PHASE_STRIP = NO;
				DEBUG_INFORMATION_FORMAT = "dwarf-with-dsym";
				ENABLE_NS_ASSERTIONS = NO;
				ENABLE_STRICT_OBJC_MSGSEND = YES;
				GCC_C_LANGUAGE_STANDARD = gnu11;
				GCC_NO_COMMON_BLOCKS = YES;
				GCC_WARN_64_TO_32_BIT_CONVERSION = YES;
				GCC_WARN_ABOUT_RETURN_TYPE = YES_ERROR;
				GCC_WARN_UNDECLARED_SELECTOR = YES;
				GCC_WARN_UNINITIALIZED_AUTOS = YES_AGGRESSIVE;
				GCC_WARN_UNUSED_FUNCTION = YES;
				GCC_WARN_UNUSED_VARIABLE = YES;
				IPHONEOS_DEPLOYMENT_TARGET = 16.2;
				MTL_ENABLE_DEBUG_INFO = NO;
				MTL_FAST_MATH = YES;
				SDKROOT = iphoneos;
				SWIFT_COMPILATION_MODE = wholemodule;
				SWIFT_OPTIMIZATION_LEVEL = "-O";
				VALIDATE_PRODUCT = YES;
			};
			name = Release;
		};
		928F1C652B4FBBEB007AD919 /* Debug */ = {
			isa = XCBuildConfiguration;
			buildSettings = {
				ASSETCATALOG_COMPILER_APPICON_NAME = AppIcon;
				ASSETCATALOG_COMPILER_GLOBAL_ACCENT_COLOR_NAME = AccentColor;
				CODE_SIGN_STYLE = Automatic;
				CURRENT_PROJECT_VERSION = 1;
				DEVELOPMENT_ASSET_PATHS = "\"Neostore_SwiftUI/Preview Content\"";
				ENABLE_PREVIEWS = YES;
				GENERATE_INFOPLIST_FILE = YES;
				INFOPLIST_FILE = "Neostore-SwiftUI-Info.plist";
				INFOPLIST_KEY_UIApplicationSceneManifest_Generation = YES;
				INFOPLIST_KEY_UIApplicationSupportsIndirectInputEvents = YES;
				INFOPLIST_KEY_UILaunchScreen_Generation = YES;
				INFOPLIST_KEY_UISupportedInterfaceOrientations_iPad = "UIInterfaceOrientationPortrait UIInterfaceOrientationPortraitUpsideDown UIInterfaceOrientationLandscapeLeft UIInterfaceOrientationLandscapeRight";
				INFOPLIST_KEY_UISupportedInterfaceOrientations_iPhone = "UIInterfaceOrientationPortrait UIInterfaceOrientationLandscapeLeft UIInterfaceOrientationLandscapeRight";
				LD_RUNPATH_SEARCH_PATHS = (
					"$(inherited)",
					"@executable_path/Frameworks",
				);
				MARKETING_VERSION = 1.0;
				PRODUCT_BUNDLE_IDENTIFIER = "Chintan.Neostore-SwiftUI";
				PRODUCT_NAME = "$(TARGET_NAME)";
				SWIFT_EMIT_LOC_STRINGS = YES;
				SWIFT_VERSION = 5.0;
				TARGETED_DEVICE_FAMILY = "1,2";
			};
			name = Debug;
		};
		928F1C662B4FBBEB007AD919 /* Release */ = {
			isa = XCBuildConfiguration;
			buildSettings = {
				ASSETCATALOG_COMPILER_APPICON_NAME = AppIcon;
				ASSETCATALOG_COMPILER_GLOBAL_ACCENT_COLOR_NAME = AccentColor;
				CODE_SIGN_STYLE = Automatic;
				CURRENT_PROJECT_VERSION = 1;
				DEVELOPMENT_ASSET_PATHS = "\"Neostore_SwiftUI/Preview Content\"";
				ENABLE_PREVIEWS = YES;
				GENERATE_INFOPLIST_FILE = YES;
				INFOPLIST_FILE = "Neostore-SwiftUI-Info.plist";
				INFOPLIST_KEY_UIApplicationSceneManifest_Generation = YES;
				INFOPLIST_KEY_UIApplicationSupportsIndirectInputEvents = YES;
				INFOPLIST_KEY_UILaunchScreen_Generation = YES;
				INFOPLIST_KEY_UISupportedInterfaceOrientations_iPad = "UIInterfaceOrientationPortrait UIInterfaceOrientationPortraitUpsideDown UIInterfaceOrientationLandscapeLeft UIInterfaceOrientationLandscapeRight";
				INFOPLIST_KEY_UISupportedInterfaceOrientations_iPhone = "UIInterfaceOrientationPortrait UIInterfaceOrientationLandscapeLeft UIInterfaceOrientationLandscapeRight";
				LD_RUNPATH_SEARCH_PATHS = (
					"$(inherited)",
					"@executable_path/Frameworks",
				);
				MARKETING_VERSION = 1.0;
				PRODUCT_BUNDLE_IDENTIFIER = "Chintan.Neostore-SwiftUI";
				PRODUCT_NAME = "$(TARGET_NAME)";
				SWIFT_EMIT_LOC_STRINGS = YES;
				SWIFT_VERSION = 5.0;
				TARGETED_DEVICE_FAMILY = "1,2";
			};
			name = Release;
		};
/* End XCBuildConfiguration section */

/* Begin XCConfigurationList section */
		928F1C512B4FBBE6007AD919 /* Build configuration list for PBXProject "Neostore_SwiftUI" */ = {
			isa = XCConfigurationList;
			buildConfigurations = (
				928F1C622B4FBBEB007AD919 /* Debug */,
				928F1C632B4FBBEB007AD919 /* Release */,
			);
			defaultConfigurationIsVisible = 0;
			defaultConfigurationName = Release;
		};
		928F1C642B4FBBEB007AD919 /* Build configuration list for PBXNativeTarget "Neostore_SwiftUI" */ = {
			isa = XCConfigurationList;
			buildConfigurations = (
				928F1C652B4FBBEB007AD919 /* Debug */,
				928F1C662B4FBBEB007AD919 /* Release */,
			);
			defaultConfigurationIsVisible = 0;
			defaultConfigurationName = Release;
		};
/* End XCConfigurationList section */
	};
	rootObject = 928F1C4E2B4FBBE6007AD919 /* Project object */;
}
